// !$*UTF8*$!
{
	archiveVersion = 1;
	classes = {
	};
	objectVersion = 46;
	objects = {

/* Begin PBXBuildFile section */
		980C97EA1B9027A400FC5F1E /* AppDelegate.swift in Sources */ = {isa = PBXBuildFile; fileRef = 980C97E91B9027A400FC5F1E /* AppDelegate.swift */; };
		980C97F11B9027A400FC5F1E /* Assets.xcassets in Resources */ = {isa = PBXBuildFile; fileRef = 980C97F01B9027A400FC5F1E /* Assets.xcassets */; };
		980C97F41B9027A400FC5F1E /* LaunchScreen.storyboard in Resources */ = {isa = PBXBuildFile; fileRef = 980C97F21B9027A400FC5F1E /* LaunchScreen.storyboard */; };
		980C97FF1B9027A500FC5F1E /* SwinjectMVVMExampleTests.swift in Sources */ = {isa = PBXBuildFile; fileRef = 980C97FE1B9027A500FC5F1E /* SwinjectMVVMExampleTests.swift */; };
		980C98171B90488900FC5F1E /* ExampleModel.h in Headers */ = {isa = PBXBuildFile; fileRef = 980C98161B90488900FC5F1E /* ExampleModel.h */; settings = {ATTRIBUTES = (Public, ); }; };
		980C981E1B90488900FC5F1E /* ExampleModel.framework in Frameworks */ = {isa = PBXBuildFile; fileRef = 980C98141B90488900FC5F1E /* ExampleModel.framework */; settings = {ASSET_TAGS = (); }; };
		980C98291B90488900FC5F1E /* ExampleModel.framework in Frameworks */ = {isa = PBXBuildFile; fileRef = 980C98141B90488900FC5F1E /* ExampleModel.framework */; };
		980C982A1B90488900FC5F1E /* ExampleModel.framework in Embed Frameworks */ = {isa = PBXBuildFile; fileRef = 980C98141B90488900FC5F1E /* ExampleModel.framework */; settings = {ATTRIBUTES = (CodeSignOnCopy, RemoveHeadersOnCopy, ); }; };
		980C98411B9048CF00FC5F1E /* ExampleViewModel.framework in Frameworks */ = {isa = PBXBuildFile; fileRef = 980C98371B9048CF00FC5F1E /* ExampleViewModel.framework */; settings = {ASSET_TAGS = (); }; };
		980C98481B9048CF00FC5F1E /* ExampleViewModelTests.swift in Sources */ = {isa = PBXBuildFile; fileRef = 980C98471B9048CF00FC5F1E /* ExampleViewModelTests.swift */; };
		980C984C1B9048CF00FC5F1E /* ExampleViewModel.framework in Frameworks */ = {isa = PBXBuildFile; fileRef = 980C98371B9048CF00FC5F1E /* ExampleViewModel.framework */; };
		980C984D1B9048CF00FC5F1E /* ExampleViewModel.framework in Embed Frameworks */ = {isa = PBXBuildFile; fileRef = 980C98371B9048CF00FC5F1E /* ExampleViewModel.framework */; settings = {ATTRIBUTES = (CodeSignOnCopy, RemoveHeadersOnCopy, ); }; };
		980C98631B9048E300FC5F1E /* ExampleView.framework in Frameworks */ = {isa = PBXBuildFile; fileRef = 980C98591B9048E300FC5F1E /* ExampleView.framework */; settings = {ASSET_TAGS = (); }; };
		980C986A1B9048E300FC5F1E /* ExampleViewTests.swift in Sources */ = {isa = PBXBuildFile; fileRef = 980C98691B9048E300FC5F1E /* ExampleViewTests.swift */; };
		980C986E1B9048E300FC5F1E /* ExampleView.framework in Frameworks */ = {isa = PBXBuildFile; fileRef = 980C98591B9048E300FC5F1E /* ExampleView.framework */; };
		980C986F1B9048E300FC5F1E /* ExampleView.framework in Embed Frameworks */ = {isa = PBXBuildFile; fileRef = 980C98591B9048E300FC5F1E /* ExampleView.framework */; settings = {ATTRIBUTES = (CodeSignOnCopy, RemoveHeadersOnCopy, ); }; };
		980C98771B904A6D00FC5F1E /* ExampleViewModel.h in Headers */ = {isa = PBXBuildFile; fileRef = 980C98391B9048CF00FC5F1E /* ExampleViewModel.h */; settings = {ATTRIBUTES = (Public, ); }; };
		980C98781B904A7100FC5F1E /* ExampleView.h in Headers */ = {isa = PBXBuildFile; fileRef = 980C985B1B9048E300FC5F1E /* ExampleView.h */; settings = {ATTRIBUTES = (Public, ); }; };
		980C987B1B904E2C00FC5F1E /* ExampleModel.framework in Frameworks */ = {isa = PBXBuildFile; fileRef = 980C98141B90488900FC5F1E /* ExampleModel.framework */; };
		980C987E1B904E4900FC5F1E /* ExampleViewModel.framework in Frameworks */ = {isa = PBXBuildFile; fileRef = 980C98371B9048CF00FC5F1E /* ExampleViewModel.framework */; };
		980C987F1B90503000FC5F1E /* ExampleModel.framework in Frameworks */ = {isa = PBXBuildFile; fileRef = 980C98141B90488900FC5F1E /* ExampleModel.framework */; };
		980C98801B90503600FC5F1E /* ExampleViewModel.framework in Frameworks */ = {isa = PBXBuildFile; fileRef = 980C98371B9048CF00FC5F1E /* ExampleViewModel.framework */; };
		980C98811B90504800FC5F1E /* ExampleModel.framework in Frameworks */ = {isa = PBXBuildFile; fileRef = 980C98141B90488900FC5F1E /* ExampleModel.framework */; };
		980C98821B90504800FC5F1E /* ExampleView.framework in Frameworks */ = {isa = PBXBuildFile; fileRef = 980C98591B9048E300FC5F1E /* ExampleView.framework */; };
		980C98831B90504800FC5F1E /* ExampleViewModel.framework in Frameworks */ = {isa = PBXBuildFile; fileRef = 980C98371B9048CF00FC5F1E /* ExampleViewModel.framework */; };
		980C98E61B908C4000FC5F1E /* Alamofire.framework in Frameworks */ = {isa = PBXBuildFile; fileRef = 980C98DB1B908B4A00FC5F1E /* Alamofire.framework */; };
		980C98E71B908C4000FC5F1E /* Himotoki.framework in Frameworks */ = {isa = PBXBuildFile; fileRef = 980C98DC1B908B4A00FC5F1E /* Himotoki.framework */; };
		980C98E81B908C4000FC5F1E /* ReactiveCocoa.framework in Frameworks */ = {isa = PBXBuildFile; fileRef = 980C98DF1B908B4A00FC5F1E /* ReactiveCocoa.framework */; };
		980C98E91B908C4000FC5F1E /* Result.framework in Frameworks */ = {isa = PBXBuildFile; fileRef = 980C98E01B908B4A00FC5F1E /* Result.framework */; };
		980C98EA1B908FA700FC5F1E /* ReactiveCocoa.framework in Frameworks */ = {isa = PBXBuildFile; fileRef = 980C98DF1B908B4A00FC5F1E /* ReactiveCocoa.framework */; };
		980C98EB1B908FA700FC5F1E /* Result.framework in Frameworks */ = {isa = PBXBuildFile; fileRef = 980C98E01B908B4A00FC5F1E /* Result.framework */; };
		980C98EC1B90900500FC5F1E /* ReactiveCocoa.framework in Frameworks */ = {isa = PBXBuildFile; fileRef = 980C98DF1B908B4A00FC5F1E /* ReactiveCocoa.framework */; };
		980C98ED1B90900500FC5F1E /* Result.framework in Frameworks */ = {isa = PBXBuildFile; fileRef = 980C98E01B908B4A00FC5F1E /* Result.framework */; };
		980C98F11B90936300FC5F1E /* ReactiveCocoa.framework in Frameworks */ = {isa = PBXBuildFile; fileRef = 980C98DF1B908B4A00FC5F1E /* ReactiveCocoa.framework */; };
		980C98F21B90936300FC5F1E /* Result.framework in Frameworks */ = {isa = PBXBuildFile; fileRef = 980C98E01B908B4A00FC5F1E /* Result.framework */; };
		980C98F31B90936300FC5F1E /* Nimble.framework in Frameworks */ = {isa = PBXBuildFile; fileRef = 980C98DD1B908B4A00FC5F1E /* Nimble.framework */; };
		980C98F41B90936300FC5F1E /* Quick.framework in Frameworks */ = {isa = PBXBuildFile; fileRef = 980C98DE1B908B4A00FC5F1E /* Quick.framework */; };
		980C98F51B90938D00FC5F1E /* ReactiveCocoa.framework in Frameworks */ = {isa = PBXBuildFile; fileRef = 980C98DF1B908B4A00FC5F1E /* ReactiveCocoa.framework */; };
		980C98F61B90938D00FC5F1E /* Result.framework in Frameworks */ = {isa = PBXBuildFile; fileRef = 980C98E01B908B4A00FC5F1E /* Result.framework */; };
		980C98F71B90938D00FC5F1E /* Nimble.framework in Frameworks */ = {isa = PBXBuildFile; fileRef = 980C98DD1B908B4A00FC5F1E /* Nimble.framework */; };
		980C98F81B90938D00FC5F1E /* Quick.framework in Frameworks */ = {isa = PBXBuildFile; fileRef = 980C98DE1B908B4A00FC5F1E /* Quick.framework */; };
		980C98F91B9093A000FC5F1E /* ReactiveCocoa.framework in Frameworks */ = {isa = PBXBuildFile; fileRef = 980C98DF1B908B4A00FC5F1E /* ReactiveCocoa.framework */; };
		980C98FA1B9093A000FC5F1E /* Result.framework in Frameworks */ = {isa = PBXBuildFile; fileRef = 980C98E01B908B4A00FC5F1E /* Result.framework */; };
		980C98FB1B9093A000FC5F1E /* Nimble.framework in Frameworks */ = {isa = PBXBuildFile; fileRef = 980C98DD1B908B4A00FC5F1E /* Nimble.framework */; };
		980C98FC1B9093A000FC5F1E /* Quick.framework in Frameworks */ = {isa = PBXBuildFile; fileRef = 980C98DE1B908B4A00FC5F1E /* Quick.framework */; };
		980D22FB1B92F25100AE6BF4 /* Networking.swift in Sources */ = {isa = PBXBuildFile; fileRef = 980D22FA1B92F25100AE6BF4 /* Networking.swift */; settings = {ASSET_TAGS = (); }; };
		980D22FD1B92F27F00AE6BF4 /* Network.swift in Sources */ = {isa = PBXBuildFile; fileRef = 980D22FC1B92F27F00AE6BF4 /* Network.swift */; settings = {ASSET_TAGS = (); }; };
		980D22FF1B92F29700AE6BF4 /* NetworkError.swift in Sources */ = {isa = PBXBuildFile; fileRef = 980D22FE1B92F29700AE6BF4 /* NetworkError.swift */; settings = {ASSET_TAGS = (); }; };
		980D23011B92F2BB00AE6BF4 /* NetworkSpec.swift in Sources */ = {isa = PBXBuildFile; fileRef = 980D23001B92F2BB00AE6BF4 /* NetworkSpec.swift */; settings = {ASSET_TAGS = (); }; };
		980D23031B92F46300AE6BF4 /* ImageSearching.swift in Sources */ = {isa = PBXBuildFile; fileRef = 980D23021B92F46300AE6BF4 /* ImageSearching.swift */; settings = {ASSET_TAGS = (); }; };
		980D23051B92F48400AE6BF4 /* ImageSearch.swift in Sources */ = {isa = PBXBuildFile; fileRef = 980D23041B92F48400AE6BF4 /* ImageSearch.swift */; settings = {ASSET_TAGS = (); }; };
		980D23071B92F4A100AE6BF4 /* Pixabay.swift in Sources */ = {isa = PBXBuildFile; fileRef = 980D23061B92F4A100AE6BF4 /* Pixabay.swift */; settings = {ASSET_TAGS = (); }; };
		980D23091B92F5F700AE6BF4 /* ImageSearchSpec.swift in Sources */ = {isa = PBXBuildFile; fileRef = 980D23081B92F5F700AE6BF4 /* ImageSearchSpec.swift */; settings = {ASSET_TAGS = (); }; };
		980D230D1B92FAB600AE6BF4 /* Dummy.swift in Sources */ = {isa = PBXBuildFile; fileRef = 980D230C1B92FAB600AE6BF4 /* Dummy.swift */; settings = {ASSET_TAGS = (); }; };
		980D230F1B931DC500AE6BF4 /* Pixabay.Config.swift in Sources */ = {isa = PBXBuildFile; fileRef = 980D230E1B931DC500AE6BF4 /* Pixabay.Config.swift */; settings = {ASSET_TAGS = (); }; };
		980D23111B954B4400AE6BF4 /* ImageSearchTableViewController.swift in Sources */ = {isa = PBXBuildFile; fileRef = 980D23101B954B4400AE6BF4 /* ImageSearchTableViewController.swift */; settings = {ASSET_TAGS = (); }; };
		980D23131B954C1400AE6BF4 /* ImageSearchTableViewCell.swift in Sources */ = {isa = PBXBuildFile; fileRef = 980D23121B954C1400AE6BF4 /* ImageSearchTableViewCell.swift */; settings = {ASSET_TAGS = (); }; };
		980D23151B954C8000AE6BF4 /* Main.storyboard in Resources */ = {isa = PBXBuildFile; fileRef = 980D23141B954C8000AE6BF4 /* Main.storyboard */; settings = {ASSET_TAGS = (); }; };
		98D13F1A1B90AF8B00047CA0 /* Alamofire.framework in Copy Frameworks */ = {isa = PBXBuildFile; fileRef = 980C98DB1B908B4A00FC5F1E /* Alamofire.framework */; settings = {ATTRIBUTES = (CodeSignOnCopy, RemoveHeadersOnCopy, ); }; };
		98D13F1B1B90AF8B00047CA0 /* Himotoki.framework in Copy Frameworks */ = {isa = PBXBuildFile; fileRef = 980C98DC1B908B4A00FC5F1E /* Himotoki.framework */; settings = {ATTRIBUTES = (CodeSignOnCopy, RemoveHeadersOnCopy, ); }; };
		98D13F1C1B90AF8B00047CA0 /* ReactiveCocoa.framework in Copy Frameworks */ = {isa = PBXBuildFile; fileRef = 980C98DF1B908B4A00FC5F1E /* ReactiveCocoa.framework */; settings = {ATTRIBUTES = (CodeSignOnCopy, RemoveHeadersOnCopy, ); }; };
		98D13F1D1B90AF8C00047CA0 /* Result.framework in Copy Frameworks */ = {isa = PBXBuildFile; fileRef = 980C98E01B908B4A00FC5F1E /* Result.framework */; settings = {ATTRIBUTES = (CodeSignOnCopy, RemoveHeadersOnCopy, ); }; };
		98D13F1F1B90AF8C00047CA0 /* Nimble.framework in Copy Frameworks */ = {isa = PBXBuildFile; fileRef = 980C98DD1B908B4A00FC5F1E /* Nimble.framework */; settings = {ATTRIBUTES = (CodeSignOnCopy, RemoveHeadersOnCopy, ); }; };
		98D13F201B90AF8C00047CA0 /* Quick.framework in Copy Frameworks */ = {isa = PBXBuildFile; fileRef = 980C98DE1B908B4A00FC5F1E /* Quick.framework */; settings = {ATTRIBUTES = (CodeSignOnCopy, RemoveHeadersOnCopy, ); }; };
		98D13F211B90AF9100047CA0 /* Alamofire.framework in Copy Frameworks */ = {isa = PBXBuildFile; fileRef = 980C98DB1B908B4A00FC5F1E /* Alamofire.framework */; settings = {ATTRIBUTES = (CodeSignOnCopy, RemoveHeadersOnCopy, ); }; };
		98D13F221B90AF9200047CA0 /* Himotoki.framework in Copy Frameworks */ = {isa = PBXBuildFile; fileRef = 980C98DC1B908B4A00FC5F1E /* Himotoki.framework */; settings = {ATTRIBUTES = (CodeSignOnCopy, RemoveHeadersOnCopy, ); }; };
		98D13F231B90AF9200047CA0 /* ReactiveCocoa.framework in Copy Frameworks */ = {isa = PBXBuildFile; fileRef = 980C98DF1B908B4A00FC5F1E /* ReactiveCocoa.framework */; settings = {ATTRIBUTES = (CodeSignOnCopy, RemoveHeadersOnCopy, ); }; };
		98D13F241B90AF9200047CA0 /* Result.framework in Copy Frameworks */ = {isa = PBXBuildFile; fileRef = 980C98E01B908B4A00FC5F1E /* Result.framework */; settings = {ATTRIBUTES = (CodeSignOnCopy, RemoveHeadersOnCopy, ); }; };
		98D13F261B90AF9200047CA0 /* Nimble.framework in Copy Frameworks */ = {isa = PBXBuildFile; fileRef = 980C98DD1B908B4A00FC5F1E /* Nimble.framework */; settings = {ATTRIBUTES = (CodeSignOnCopy, RemoveHeadersOnCopy, ); }; };
		98D13F271B90AF9200047CA0 /* Quick.framework in Copy Frameworks */ = {isa = PBXBuildFile; fileRef = 980C98DE1B908B4A00FC5F1E /* Quick.framework */; settings = {ATTRIBUTES = (CodeSignOnCopy, RemoveHeadersOnCopy, ); }; };
		98D13F281B90AFA200047CA0 /* Nimble.framework in Copy Frameworks */ = {isa = PBXBuildFile; fileRef = 980C98DD1B908B4A00FC5F1E /* Nimble.framework */; settings = {ATTRIBUTES = (CodeSignOnCopy, RemoveHeadersOnCopy, ); }; };
		98D13F291B90AFA300047CA0 /* Quick.framework in Copy Frameworks */ = {isa = PBXBuildFile; fileRef = 980C98DE1B908B4A00FC5F1E /* Quick.framework */; settings = {ATTRIBUTES = (CodeSignOnCopy, RemoveHeadersOnCopy, ); }; };
		98D13F2A1B90B01A00047CA0 /* Swinject.framework in Frameworks */ = {isa = PBXBuildFile; fileRef = 980C98E11B908B4A00FC5F1E /* Swinject.framework */; };
		98D13F2B1B90B17F00047CA0 /* Alamofire.framework in Copy Frameworks */ = {isa = PBXBuildFile; fileRef = 980C98DB1B908B4A00FC5F1E /* Alamofire.framework */; settings = {ATTRIBUTES = (CodeSignOnCopy, RemoveHeadersOnCopy, ); }; };
		98D13F2C1B90B17F00047CA0 /* Himotoki.framework in Copy Frameworks */ = {isa = PBXBuildFile; fileRef = 980C98DC1B908B4A00FC5F1E /* Himotoki.framework */; settings = {ATTRIBUTES = (CodeSignOnCopy, RemoveHeadersOnCopy, ); }; };
		98D13F2D1B90B17F00047CA0 /* ReactiveCocoa.framework in Copy Frameworks */ = {isa = PBXBuildFile; fileRef = 980C98DF1B908B4A00FC5F1E /* ReactiveCocoa.framework */; settings = {ATTRIBUTES = (CodeSignOnCopy, RemoveHeadersOnCopy, ); }; };
		98D13F2E1B90B18000047CA0 /* Result.framework in Copy Frameworks */ = {isa = PBXBuildFile; fileRef = 980C98E01B908B4A00FC5F1E /* Result.framework */; settings = {ATTRIBUTES = (CodeSignOnCopy, RemoveHeadersOnCopy, ); }; };
		98D13F301B90B18000047CA0 /* Nimble.framework in Copy Frameworks */ = {isa = PBXBuildFile; fileRef = 980C98DD1B908B4A00FC5F1E /* Nimble.framework */; settings = {ATTRIBUTES = (CodeSignOnCopy, RemoveHeadersOnCopy, ); }; };
		98D13F311B90B18000047CA0 /* Quick.framework in Copy Frameworks */ = {isa = PBXBuildFile; fileRef = 980C98DE1B908B4A00FC5F1E /* Quick.framework */; settings = {ATTRIBUTES = (CodeSignOnCopy, RemoveHeadersOnCopy, ); }; };
		98D13F321B90B32200047CA0 /* Swinject.framework in Frameworks */ = {isa = PBXBuildFile; fileRef = 980C98E11B908B4A00FC5F1E /* Swinject.framework */; };
		98D13F331B90B32E00047CA0 /* Nimble.framework in Frameworks */ = {isa = PBXBuildFile; fileRef = 980C98DD1B908B4A00FC5F1E /* Nimble.framework */; };
		98D13F341B90B32E00047CA0 /* Quick.framework in Frameworks */ = {isa = PBXBuildFile; fileRef = 980C98DE1B908B4A00FC5F1E /* Quick.framework */; };
		98D13F471B90BD3A00047CA0 /* Alamofire.framework.dSYM in Copy dSYMs */ = {isa = PBXBuildFile; fileRef = 98D13F421B90BD3A00047CA0 /* Alamofire.framework.dSYM */; };
		98D13F481B90BD3A00047CA0 /* Himotoki.framework.dSYM in Copy dSYMs */ = {isa = PBXBuildFile; fileRef = 98D13F431B90BD3A00047CA0 /* Himotoki.framework.dSYM */; };
		98D13F491B90BD3A00047CA0 /* ReactiveCocoa.framework.dSYM in Copy dSYMs */ = {isa = PBXBuildFile; fileRef = 98D13F441B90BD3A00047CA0 /* ReactiveCocoa.framework.dSYM */; };
		98D13F4A1B90BD3A00047CA0 /* Result.framework.dSYM in Copy dSYMs */ = {isa = PBXBuildFile; fileRef = 98D13F451B90BD3A00047CA0 /* Result.framework.dSYM */; };
		98D13F4B1B90BD3A00047CA0 /* Swinject.framework.dSYM in Copy dSYMs */ = {isa = PBXBuildFile; fileRef = 98D13F461B90BD3A00047CA0 /* Swinject.framework.dSYM */; };
		98E8C0C71B91DAFF001F3459 /* ImageEntity.swift in Sources */ = {isa = PBXBuildFile; fileRef = 98E8C0C61B91DAFF001F3459 /* ImageEntity.swift */; settings = {ASSET_TAGS = (); }; };
		98E8C0C91B91DB26001F3459 /* ResponseEntity.swift in Sources */ = {isa = PBXBuildFile; fileRef = 98E8C0C81B91DB26001F3459 /* ResponseEntity.swift */; settings = {ASSET_TAGS = (); }; };
		98E8C0CB1B91DBCC001F3459 /* ImageEntitySpec.swift in Sources */ = {isa = PBXBuildFile; fileRef = 98E8C0CA1B91DBCC001F3459 /* ImageEntitySpec.swift */; settings = {ASSET_TAGS = (); }; };
		98E8C0CD1B91DC01001F3459 /* ResponseEntitySpec.swift in Sources */ = {isa = PBXBuildFile; fileRef = 98E8C0CC1B91DC01001F3459 /* ResponseEntitySpec.swift */; settings = {ASSET_TAGS = (); }; };
/* End PBXBuildFile section */

/* Begin PBXContainerItemProxy section */
		980C97FB1B9027A500FC5F1E /* PBXContainerItemProxy */ = {
			isa = PBXContainerItemProxy;
			containerPortal = 980C97DE1B9027A400FC5F1E /* Project object */;
			proxyType = 1;
			remoteGlobalIDString = 980C97E51B9027A400FC5F1E;
			remoteInfo = SwinjectMVVMExample;
		};
		980C981F1B90488900FC5F1E /* PBXContainerItemProxy */ = {
			isa = PBXContainerItemProxy;
			containerPortal = 980C97DE1B9027A400FC5F1E /* Project object */;
			proxyType = 1;
			remoteGlobalIDString = 980C98131B90488900FC5F1E;
			remoteInfo = ExampleModel;
		};
		980C98271B90488900FC5F1E /* PBXContainerItemProxy */ = {
			isa = PBXContainerItemProxy;
			containerPortal = 980C97DE1B9027A400FC5F1E /* Project object */;
			proxyType = 1;
			remoteGlobalIDString = 980C98131B90488900FC5F1E;
			remoteInfo = ExampleModel;
		};
		980C98421B9048CF00FC5F1E /* PBXContainerItemProxy */ = {
			isa = PBXContainerItemProxy;
			containerPortal = 980C97DE1B9027A400FC5F1E /* Project object */;
			proxyType = 1;
			remoteGlobalIDString = 980C98361B9048CF00FC5F1E;
			remoteInfo = ExampleViewModel;
		};
		980C984A1B9048CF00FC5F1E /* PBXContainerItemProxy */ = {
			isa = PBXContainerItemProxy;
			containerPortal = 980C97DE1B9027A400FC5F1E /* Project object */;
			proxyType = 1;
			remoteGlobalIDString = 980C98361B9048CF00FC5F1E;
			remoteInfo = ExampleViewModel;
		};
		980C98641B9048E300FC5F1E /* PBXContainerItemProxy */ = {
			isa = PBXContainerItemProxy;
			containerPortal = 980C97DE1B9027A400FC5F1E /* Project object */;
			proxyType = 1;
			remoteGlobalIDString = 980C98581B9048E300FC5F1E;
			remoteInfo = ExampleView;
		};
		980C986C1B9048E300FC5F1E /* PBXContainerItemProxy */ = {
			isa = PBXContainerItemProxy;
			containerPortal = 980C97DE1B9027A400FC5F1E /* Project object */;
			proxyType = 1;
			remoteGlobalIDString = 980C98581B9048E300FC5F1E;
			remoteInfo = ExampleView;
		};
		980C98791B904E1200FC5F1E /* PBXContainerItemProxy */ = {
			isa = PBXContainerItemProxy;
			containerPortal = 980C97DE1B9027A400FC5F1E /* Project object */;
			proxyType = 1;
			remoteGlobalIDString = 980C98131B90488900FC5F1E;
			remoteInfo = ExampleModel;
		};
		980C987C1B904E4300FC5F1E /* PBXContainerItemProxy */ = {
			isa = PBXContainerItemProxy;
			containerPortal = 980C97DE1B9027A400FC5F1E /* Project object */;
			proxyType = 1;
			remoteGlobalIDString = 980C98361B9048CF00FC5F1E;
			remoteInfo = ExampleViewModel;
		};
/* End PBXContainerItemProxy section */

/* Begin PBXCopyFilesBuildPhase section */
		980C98301B90488A00FC5F1E /* Embed Frameworks */ = {
			isa = PBXCopyFilesBuildPhase;
			buildActionMask = 2147483647;
			dstPath = "";
			dstSubfolderSpec = 10;
			files = (
				980C984D1B9048CF00FC5F1E /* ExampleViewModel.framework in Embed Frameworks */,
				980C986F1B9048E300FC5F1E /* ExampleView.framework in Embed Frameworks */,
				980C982A1B90488900FC5F1E /* ExampleModel.framework in Embed Frameworks */,
			);
			name = "Embed Frameworks";
			runOnlyForDeploymentPostprocessing = 0;
		};
		98D13F161B90ABAC00047CA0 /* Copy Frameworks */ = {
			isa = PBXCopyFilesBuildPhase;
			buildActionMask = 2147483647;
			dstPath = "";
			dstSubfolderSpec = 10;
			files = (
				98D13F2B1B90B17F00047CA0 /* Alamofire.framework in Copy Frameworks */,
				98D13F2C1B90B17F00047CA0 /* Himotoki.framework in Copy Frameworks */,
				98D13F2D1B90B17F00047CA0 /* ReactiveCocoa.framework in Copy Frameworks */,
				98D13F2E1B90B18000047CA0 /* Result.framework in Copy Frameworks */,
				98D13F301B90B18000047CA0 /* Nimble.framework in Copy Frameworks */,
				98D13F311B90B18000047CA0 /* Quick.framework in Copy Frameworks */,
			);
			name = "Copy Frameworks";
			runOnlyForDeploymentPostprocessing = 0;
		};
		98D13F171B90AF5900047CA0 /* Copy Frameworks */ = {
			isa = PBXCopyFilesBuildPhase;
			buildActionMask = 2147483647;
			dstPath = "";
			dstSubfolderSpec = 10;
			files = (
				98D13F1A1B90AF8B00047CA0 /* Alamofire.framework in Copy Frameworks */,
				98D13F1B1B90AF8B00047CA0 /* Himotoki.framework in Copy Frameworks */,
				98D13F1C1B90AF8B00047CA0 /* ReactiveCocoa.framework in Copy Frameworks */,
				98D13F1D1B90AF8C00047CA0 /* Result.framework in Copy Frameworks */,
				98D13F1F1B90AF8C00047CA0 /* Nimble.framework in Copy Frameworks */,
				98D13F201B90AF8C00047CA0 /* Quick.framework in Copy Frameworks */,
			);
			name = "Copy Frameworks";
			runOnlyForDeploymentPostprocessing = 0;
		};
		98D13F181B90AF6400047CA0 /* Copy Frameworks */ = {
			isa = PBXCopyFilesBuildPhase;
			buildActionMask = 2147483647;
			dstPath = "";
			dstSubfolderSpec = 10;
			files = (
				98D13F211B90AF9100047CA0 /* Alamofire.framework in Copy Frameworks */,
				98D13F221B90AF9200047CA0 /* Himotoki.framework in Copy Frameworks */,
				98D13F231B90AF9200047CA0 /* ReactiveCocoa.framework in Copy Frameworks */,
				98D13F241B90AF9200047CA0 /* Result.framework in Copy Frameworks */,
				98D13F261B90AF9200047CA0 /* Nimble.framework in Copy Frameworks */,
				98D13F271B90AF9200047CA0 /* Quick.framework in Copy Frameworks */,
			);
			name = "Copy Frameworks";
			runOnlyForDeploymentPostprocessing = 0;
		};
		98D13F191B90AF6E00047CA0 /* Copy Frameworks */ = {
			isa = PBXCopyFilesBuildPhase;
			buildActionMask = 2147483647;
			dstPath = "";
			dstSubfolderSpec = 10;
			files = (
				98D13F281B90AFA200047CA0 /* Nimble.framework in Copy Frameworks */,
				98D13F291B90AFA300047CA0 /* Quick.framework in Copy Frameworks */,
			);
			name = "Copy Frameworks";
			runOnlyForDeploymentPostprocessing = 0;
		};
		98D13F361B90B94700047CA0 /* Copy dSYMs */ = {
			isa = PBXCopyFilesBuildPhase;
			buildActionMask = 2147483647;
			dstPath = "";
			dstSubfolderSpec = 16;
			files = (
				98D13F471B90BD3A00047CA0 /* Alamofire.framework.dSYM in Copy dSYMs */,
				98D13F481B90BD3A00047CA0 /* Himotoki.framework.dSYM in Copy dSYMs */,
				98D13F491B90BD3A00047CA0 /* ReactiveCocoa.framework.dSYM in Copy dSYMs */,
				98D13F4A1B90BD3A00047CA0 /* Result.framework.dSYM in Copy dSYMs */,
				98D13F4B1B90BD3A00047CA0 /* Swinject.framework.dSYM in Copy dSYMs */,
			);
			name = "Copy dSYMs";
			runOnlyForDeploymentPostprocessing = 0;
		};
/* End PBXCopyFilesBuildPhase section */

/* Begin PBXFileReference section */
		980C97E61B9027A400FC5F1E /* SwinjectMVVMExample.app */ = {isa = PBXFileReference; explicitFileType = wrapper.application; includeInIndex = 0; path = SwinjectMVVMExample.app; sourceTree = BUILT_PRODUCTS_DIR; };
		980C97E91B9027A400FC5F1E /* AppDelegate.swift */ = {isa = PBXFileReference; lastKnownFileType = sourcecode.swift; path = AppDelegate.swift; sourceTree = "<group>"; };
		980C97F01B9027A400FC5F1E /* Assets.xcassets */ = {isa = PBXFileReference; lastKnownFileType = folder.assetcatalog; path = Assets.xcassets; sourceTree = "<group>"; };
		980C97F31B9027A400FC5F1E /* Base */ = {isa = PBXFileReference; lastKnownFileType = file.storyboard; name = Base; path = Base.lproj/LaunchScreen.storyboard; sourceTree = "<group>"; };
		980C97F51B9027A400FC5F1E /* Info.plist */ = {isa = PBXFileReference; lastKnownFileType = text.plist.xml; path = Info.plist; sourceTree = "<group>"; };
		980C97FA1B9027A500FC5F1E /* SwinjectMVVMExampleTests.xctest */ = {isa = PBXFileReference; explicitFileType = wrapper.cfbundle; includeInIndex = 0; path = SwinjectMVVMExampleTests.xctest; sourceTree = BUILT_PRODUCTS_DIR; };
		980C97FE1B9027A500FC5F1E /* SwinjectMVVMExampleTests.swift */ = {isa = PBXFileReference; lastKnownFileType = sourcecode.swift; path = SwinjectMVVMExampleTests.swift; sourceTree = "<group>"; };
		980C98001B9027A500FC5F1E /* Info.plist */ = {isa = PBXFileReference; lastKnownFileType = text.plist.xml; path = Info.plist; sourceTree = "<group>"; };
		980C98141B90488900FC5F1E /* ExampleModel.framework */ = {isa = PBXFileReference; explicitFileType = wrapper.framework; includeInIndex = 0; path = ExampleModel.framework; sourceTree = BUILT_PRODUCTS_DIR; };
		980C98161B90488900FC5F1E /* ExampleModel.h */ = {isa = PBXFileReference; lastKnownFileType = sourcecode.c.h; path = ExampleModel.h; sourceTree = "<group>"; };
		980C98181B90488900FC5F1E /* Info.plist */ = {isa = PBXFileReference; lastKnownFileType = text.plist.xml; path = Info.plist; sourceTree = "<group>"; };
		980C981D1B90488900FC5F1E /* ExampleModelTests.xctest */ = {isa = PBXFileReference; explicitFileType = wrapper.cfbundle; includeInIndex = 0; path = ExampleModelTests.xctest; sourceTree = BUILT_PRODUCTS_DIR; };
		980C98261B90488900FC5F1E /* Info.plist */ = {isa = PBXFileReference; lastKnownFileType = text.plist.xml; path = Info.plist; sourceTree = "<group>"; };
		980C98371B9048CF00FC5F1E /* ExampleViewModel.framework */ = {isa = PBXFileReference; explicitFileType = wrapper.framework; includeInIndex = 0; path = ExampleViewModel.framework; sourceTree = BUILT_PRODUCTS_DIR; };
		980C98391B9048CF00FC5F1E /* ExampleViewModel.h */ = {isa = PBXFileReference; lastKnownFileType = sourcecode.c.h; path = ExampleViewModel.h; sourceTree = "<group>"; };
		980C983B1B9048CF00FC5F1E /* Info.plist */ = {isa = PBXFileReference; lastKnownFileType = text.plist.xml; path = Info.plist; sourceTree = "<group>"; };
		980C98401B9048CF00FC5F1E /* ExampleViewModelTests.xctest */ = {isa = PBXFileReference; explicitFileType = wrapper.cfbundle; includeInIndex = 0; path = ExampleViewModelTests.xctest; sourceTree = BUILT_PRODUCTS_DIR; };
		980C98471B9048CF00FC5F1E /* ExampleViewModelTests.swift */ = {isa = PBXFileReference; lastKnownFileType = sourcecode.swift; path = ExampleViewModelTests.swift; sourceTree = "<group>"; };
		980C98491B9048CF00FC5F1E /* Info.plist */ = {isa = PBXFileReference; lastKnownFileType = text.plist.xml; path = Info.plist; sourceTree = "<group>"; };
		980C98591B9048E300FC5F1E /* ExampleView.framework */ = {isa = PBXFileReference; explicitFileType = wrapper.framework; includeInIndex = 0; path = ExampleView.framework; sourceTree = BUILT_PRODUCTS_DIR; };
		980C985B1B9048E300FC5F1E /* ExampleView.h */ = {isa = PBXFileReference; lastKnownFileType = sourcecode.c.h; path = ExampleView.h; sourceTree = "<group>"; };
		980C985D1B9048E300FC5F1E /* Info.plist */ = {isa = PBXFileReference; lastKnownFileType = text.plist.xml; path = Info.plist; sourceTree = "<group>"; };
		980C98621B9048E300FC5F1E /* ExampleViewTests.xctest */ = {isa = PBXFileReference; explicitFileType = wrapper.cfbundle; includeInIndex = 0; path = ExampleViewTests.xctest; sourceTree = BUILT_PRODUCTS_DIR; };
		980C98691B9048E300FC5F1E /* ExampleViewTests.swift */ = {isa = PBXFileReference; lastKnownFileType = sourcecode.swift; path = ExampleViewTests.swift; sourceTree = "<group>"; };
		980C986B1B9048E300FC5F1E /* Info.plist */ = {isa = PBXFileReference; lastKnownFileType = text.plist.xml; path = Info.plist; sourceTree = "<group>"; };
		980C98DB1B908B4A00FC5F1E /* Alamofire.framework */ = {isa = PBXFileReference; lastKnownFileType = wrapper.framework; name = Alamofire.framework; path = Carthage/Build/iOS/Alamofire.framework; sourceTree = "<group>"; };
		980C98DC1B908B4A00FC5F1E /* Himotoki.framework */ = {isa = PBXFileReference; lastKnownFileType = wrapper.framework; name = Himotoki.framework; path = Carthage/Build/iOS/Himotoki.framework; sourceTree = "<group>"; };
		980C98DD1B908B4A00FC5F1E /* Nimble.framework */ = {isa = PBXFileReference; lastKnownFileType = wrapper.framework; name = Nimble.framework; path = Carthage/Build/iOS/Nimble.framework; sourceTree = "<group>"; };
		980C98DE1B908B4A00FC5F1E /* Quick.framework */ = {isa = PBXFileReference; lastKnownFileType = wrapper.framework; name = Quick.framework; path = Carthage/Build/iOS/Quick.framework; sourceTree = "<group>"; };
		980C98DF1B908B4A00FC5F1E /* ReactiveCocoa.framework */ = {isa = PBXFileReference; lastKnownFileType = wrapper.framework; name = ReactiveCocoa.framework; path = Carthage/Build/iOS/ReactiveCocoa.framework; sourceTree = "<group>"; };
		980C98E01B908B4A00FC5F1E /* Result.framework */ = {isa = PBXFileReference; lastKnownFileType = wrapper.framework; name = Result.framework; path = Carthage/Build/iOS/Result.framework; sourceTree = "<group>"; };
		980C98E11B908B4A00FC5F1E /* Swinject.framework */ = {isa = PBXFileReference; lastKnownFileType = wrapper.framework; name = Swinject.framework; path = Carthage/Build/iOS/Swinject.framework; sourceTree = "<group>"; };
		980D22FA1B92F25100AE6BF4 /* Networking.swift */ = {isa = PBXFileReference; fileEncoding = 4; lastKnownFileType = sourcecode.swift; path = Networking.swift; sourceTree = "<group>"; };
		980D22FC1B92F27F00AE6BF4 /* Network.swift */ = {isa = PBXFileReference; fileEncoding = 4; lastKnownFileType = sourcecode.swift; path = Network.swift; sourceTree = "<group>"; };
		980D22FE1B92F29700AE6BF4 /* NetworkError.swift */ = {isa = PBXFileReference; fileEncoding = 4; lastKnownFileType = sourcecode.swift; path = NetworkError.swift; sourceTree = "<group>"; };
		980D23001B92F2BB00AE6BF4 /* NetworkSpec.swift */ = {isa = PBXFileReference; fileEncoding = 4; lastKnownFileType = sourcecode.swift; path = NetworkSpec.swift; sourceTree = "<group>"; };
		980D23021B92F46300AE6BF4 /* ImageSearching.swift */ = {isa = PBXFileReference; fileEncoding = 4; lastKnownFileType = sourcecode.swift; path = ImageSearching.swift; sourceTree = "<group>"; };
		980D23041B92F48400AE6BF4 /* ImageSearch.swift */ = {isa = PBXFileReference; fileEncoding = 4; lastKnownFileType = sourcecode.swift; path = ImageSearch.swift; sourceTree = "<group>"; };
		980D23061B92F4A100AE6BF4 /* Pixabay.swift */ = {isa = PBXFileReference; fileEncoding = 4; lastKnownFileType = sourcecode.swift; path = Pixabay.swift; sourceTree = "<group>"; };
		980D23081B92F5F700AE6BF4 /* ImageSearchSpec.swift */ = {isa = PBXFileReference; fileEncoding = 4; lastKnownFileType = sourcecode.swift; path = ImageSearchSpec.swift; sourceTree = "<group>"; };
		980D230C1B92FAB600AE6BF4 /* Dummy.swift */ = {isa = PBXFileReference; fileEncoding = 4; lastKnownFileType = sourcecode.swift; path = Dummy.swift; sourceTree = "<group>"; };
		980D230E1B931DC500AE6BF4 /* Pixabay.Config.swift */ = {isa = PBXFileReference; fileEncoding = 4; lastKnownFileType = sourcecode.swift; path = Pixabay.Config.swift; sourceTree = "<group>"; };
		980D23101B954B4400AE6BF4 /* ImageSearchTableViewController.swift */ = {isa = PBXFileReference; fileEncoding = 4; lastKnownFileType = sourcecode.swift; path = ImageSearchTableViewController.swift; sourceTree = "<group>"; };
		980D23121B954C1400AE6BF4 /* ImageSearchTableViewCell.swift */ = {isa = PBXFileReference; fileEncoding = 4; lastKnownFileType = sourcecode.swift; path = ImageSearchTableViewCell.swift; sourceTree = "<group>"; };
		980D23141B954C8000AE6BF4 /* Main.storyboard */ = {isa = PBXFileReference; fileEncoding = 4; lastKnownFileType = file.storyboard; path = Main.storyboard; sourceTree = "<group>"; };
		98D13F421B90BD3A00047CA0 /* Alamofire.framework.dSYM */ = {isa = PBXFileReference; lastKnownFileType = wrapper.dsym; name = Alamofire.framework.dSYM; path = Carthage/Build/iOS/Alamofire.framework.dSYM; sourceTree = "<group>"; };
		98D13F431B90BD3A00047CA0 /* Himotoki.framework.dSYM */ = {isa = PBXFileReference; lastKnownFileType = wrapper.dsym; name = Himotoki.framework.dSYM; path = Carthage/Build/iOS/Himotoki.framework.dSYM; sourceTree = "<group>"; };
		98D13F441B90BD3A00047CA0 /* ReactiveCocoa.framework.dSYM */ = {isa = PBXFileReference; lastKnownFileType = wrapper.dsym; name = ReactiveCocoa.framework.dSYM; path = Carthage/Build/iOS/ReactiveCocoa.framework.dSYM; sourceTree = "<group>"; };
		98D13F451B90BD3A00047CA0 /* Result.framework.dSYM */ = {isa = PBXFileReference; lastKnownFileType = wrapper.dsym; name = Result.framework.dSYM; path = Carthage/Build/iOS/Result.framework.dSYM; sourceTree = "<group>"; };
		98D13F461B90BD3A00047CA0 /* Swinject.framework.dSYM */ = {isa = PBXFileReference; lastKnownFileType = wrapper.dsym; name = Swinject.framework.dSYM; path = Carthage/Build/iOS/Swinject.framework.dSYM; sourceTree = "<group>"; };
		98E8C0C61B91DAFF001F3459 /* ImageEntity.swift */ = {isa = PBXFileReference; fileEncoding = 4; lastKnownFileType = sourcecode.swift; path = ImageEntity.swift; sourceTree = "<group>"; };
		98E8C0C81B91DB26001F3459 /* ResponseEntity.swift */ = {isa = PBXFileReference; fileEncoding = 4; lastKnownFileType = sourcecode.swift; path = ResponseEntity.swift; sourceTree = "<group>"; };
		98E8C0CA1B91DBCC001F3459 /* ImageEntitySpec.swift */ = {isa = PBXFileReference; fileEncoding = 4; lastKnownFileType = sourcecode.swift; path = ImageEntitySpec.swift; sourceTree = "<group>"; };
		98E8C0CC1B91DC01001F3459 /* ResponseEntitySpec.swift */ = {isa = PBXFileReference; fileEncoding = 4; lastKnownFileType = sourcecode.swift; path = ResponseEntitySpec.swift; sourceTree = "<group>"; };
/* End PBXFileReference section */

/* Begin PBXFrameworksBuildPhase section */
		980C97E31B9027A400FC5F1E /* Frameworks */ = {
			isa = PBXFrameworksBuildPhase;
			buildActionMask = 2147483647;
			files = (
				980C98291B90488900FC5F1E /* ExampleModel.framework in Frameworks */,
				980C984C1B9048CF00FC5F1E /* ExampleViewModel.framework in Frameworks */,
				980C986E1B9048E300FC5F1E /* ExampleView.framework in Frameworks */,
				98D13F2A1B90B01A00047CA0 /* Swinject.framework in Frameworks */,
			);
			runOnlyForDeploymentPostprocessing = 0;
		};
		980C97F71B9027A500FC5F1E /* Frameworks */ = {
			isa = PBXFrameworksBuildPhase;
			buildActionMask = 2147483647;
			files = (
				980C98811B90504800FC5F1E /* ExampleModel.framework in Frameworks */,
				980C98831B90504800FC5F1E /* ExampleViewModel.framework in Frameworks */,
				980C98821B90504800FC5F1E /* ExampleView.framework in Frameworks */,
				98D13F321B90B32200047CA0 /* Swinject.framework in Frameworks */,
				98D13F331B90B32E00047CA0 /* Nimble.framework in Frameworks */,
				98D13F341B90B32E00047CA0 /* Quick.framework in Frameworks */,
			);
			runOnlyForDeploymentPostprocessing = 0;
		};
		980C98101B90488900FC5F1E /* Frameworks */ = {
			isa = PBXFrameworksBuildPhase;
			buildActionMask = 2147483647;
			files = (
				980C98E61B908C4000FC5F1E /* Alamofire.framework in Frameworks */,
				980C98E71B908C4000FC5F1E /* Himotoki.framework in Frameworks */,
				980C98E81B908C4000FC5F1E /* ReactiveCocoa.framework in Frameworks */,
				980C98E91B908C4000FC5F1E /* Result.framework in Frameworks */,
			);
			runOnlyForDeploymentPostprocessing = 0;
		};
		980C981A1B90488900FC5F1E /* Frameworks */ = {
			isa = PBXFrameworksBuildPhase;
			buildActionMask = 2147483647;
			files = (
				980C981E1B90488900FC5F1E /* ExampleModel.framework in Frameworks */,
				980C98F11B90936300FC5F1E /* ReactiveCocoa.framework in Frameworks */,
				980C98F21B90936300FC5F1E /* Result.framework in Frameworks */,
				980C98F31B90936300FC5F1E /* Nimble.framework in Frameworks */,
				980C98F41B90936300FC5F1E /* Quick.framework in Frameworks */,
			);
			runOnlyForDeploymentPostprocessing = 0;
		};
		980C98331B9048CF00FC5F1E /* Frameworks */ = {
			isa = PBXFrameworksBuildPhase;
			buildActionMask = 2147483647;
			files = (
				980C987B1B904E2C00FC5F1E /* ExampleModel.framework in Frameworks */,
				980C98EA1B908FA700FC5F1E /* ReactiveCocoa.framework in Frameworks */,
				980C98EB1B908FA700FC5F1E /* Result.framework in Frameworks */,
			);
			runOnlyForDeploymentPostprocessing = 0;
		};
		980C983D1B9048CF00FC5F1E /* Frameworks */ = {
			isa = PBXFrameworksBuildPhase;
			buildActionMask = 2147483647;
			files = (
				980C987F1B90503000FC5F1E /* ExampleModel.framework in Frameworks */,
				980C98411B9048CF00FC5F1E /* ExampleViewModel.framework in Frameworks */,
				980C98F51B90938D00FC5F1E /* ReactiveCocoa.framework in Frameworks */,
				980C98F61B90938D00FC5F1E /* Result.framework in Frameworks */,
				980C98F71B90938D00FC5F1E /* Nimble.framework in Frameworks */,
				980C98F81B90938D00FC5F1E /* Quick.framework in Frameworks */,
			);
			runOnlyForDeploymentPostprocessing = 0;
		};
		980C98551B9048E300FC5F1E /* Frameworks */ = {
			isa = PBXFrameworksBuildPhase;
			buildActionMask = 2147483647;
			files = (
				980C987E1B904E4900FC5F1E /* ExampleViewModel.framework in Frameworks */,
				980C98EC1B90900500FC5F1E /* ReactiveCocoa.framework in Frameworks */,
				980C98ED1B90900500FC5F1E /* Result.framework in Frameworks */,
			);
			runOnlyForDeploymentPostprocessing = 0;
		};
		980C985F1B9048E300FC5F1E /* Frameworks */ = {
			isa = PBXFrameworksBuildPhase;
			buildActionMask = 2147483647;
			files = (
				980C98801B90503600FC5F1E /* ExampleViewModel.framework in Frameworks */,
				980C98631B9048E300FC5F1E /* ExampleView.framework in Frameworks */,
				980C98F91B9093A000FC5F1E /* ReactiveCocoa.framework in Frameworks */,
				980C98FA1B9093A000FC5F1E /* Result.framework in Frameworks */,
				980C98FB1B9093A000FC5F1E /* Nimble.framework in Frameworks */,
				980C98FC1B9093A000FC5F1E /* Quick.framework in Frameworks */,
			);
			runOnlyForDeploymentPostprocessing = 0;
		};
/* End PBXFrameworksBuildPhase section */

/* Begin PBXGroup section */
		980C97DD1B9027A400FC5F1E = {
			isa = PBXGroup;
			children = (
				980C98151B90488900FC5F1E /* ExampleModel */,
				980C98381B9048CF00FC5F1E /* ExampleViewModel */,
				980C985A1B9048E300FC5F1E /* ExampleView */,
				980C97E81B9027A400FC5F1E /* SwinjectMVVMExample */,
				980C98761B90495D00FC5F1E /* Tests */,
				980C98D31B90860F00FC5F1E /* Frameworks */,
				98D13F411B90BAAC00047CA0 /* dSYMs */,
				980C97E71B9027A400FC5F1E /* Products */,
			);
			sourceTree = "<group>";
		};
		980C97E71B9027A400FC5F1E /* Products */ = {
			isa = PBXGroup;
			children = (
				980C97E61B9027A400FC5F1E /* SwinjectMVVMExample.app */,
				980C97FA1B9027A500FC5F1E /* SwinjectMVVMExampleTests.xctest */,
				980C98141B90488900FC5F1E /* ExampleModel.framework */,
				980C981D1B90488900FC5F1E /* ExampleModelTests.xctest */,
				980C98371B9048CF00FC5F1E /* ExampleViewModel.framework */,
				980C98401B9048CF00FC5F1E /* ExampleViewModelTests.xctest */,
				980C98591B9048E300FC5F1E /* ExampleView.framework */,
				980C98621B9048E300FC5F1E /* ExampleViewTests.xctest */,
			);
			name = Products;
			sourceTree = "<group>";
		};
		980C97E81B9027A400FC5F1E /* SwinjectMVVMExample */ = {
			isa = PBXGroup;
			children = (
				980C97E91B9027A400FC5F1E /* AppDelegate.swift */,
				980C97F01B9027A400FC5F1E /* Assets.xcassets */,
				980C97F21B9027A400FC5F1E /* LaunchScreen.storyboard */,
				980C97F51B9027A400FC5F1E /* Info.plist */,
			);
			path = SwinjectMVVMExample;
			sourceTree = "<group>";
		};
		980C97FD1B9027A500FC5F1E /* SwinjectMVVMExampleTests */ = {
			isa = PBXGroup;
			children = (
				980C97FE1B9027A500FC5F1E /* SwinjectMVVMExampleTests.swift */,
				980C98001B9027A500FC5F1E /* Info.plist */,
			);
			path = SwinjectMVVMExampleTests;
			sourceTree = "<group>";
		};
		980C98151B90488900FC5F1E /* ExampleModel */ = {
			isa = PBXGroup;
			children = (
				98E8C0C61B91DAFF001F3459 /* ImageEntity.swift */,
				98E8C0C81B91DB26001F3459 /* ResponseEntity.swift */,
				980D22FA1B92F25100AE6BF4 /* Networking.swift */,
				980D22FC1B92F27F00AE6BF4 /* Network.swift */,
				980D22FE1B92F29700AE6BF4 /* NetworkError.swift */,
				980D23021B92F46300AE6BF4 /* ImageSearching.swift */,
				980D23041B92F48400AE6BF4 /* ImageSearch.swift */,
				980D23061B92F4A100AE6BF4 /* Pixabay.swift */,
				980D230E1B931DC500AE6BF4 /* Pixabay.Config.swift */,
				980C98161B90488900FC5F1E /* ExampleModel.h */,
				980C98181B90488900FC5F1E /* Info.plist */,
			);
			path = ExampleModel;
			sourceTree = "<group>";
		};
		980C98231B90488900FC5F1E /* ExampleModelTests */ = {
			isa = PBXGroup;
			children = (
				980D230C1B92FAB600AE6BF4 /* Dummy.swift */,
				98E8C0CA1B91DBCC001F3459 /* ImageEntitySpec.swift */,
				98E8C0CC1B91DC01001F3459 /* ResponseEntitySpec.swift */,
				980D23001B92F2BB00AE6BF4 /* NetworkSpec.swift */,
				980D23081B92F5F700AE6BF4 /* ImageSearchSpec.swift */,
				980C98261B90488900FC5F1E /* Info.plist */,
			);
			path = ExampleModelTests;
			sourceTree = "<group>";
		};
		980C98381B9048CF00FC5F1E /* ExampleViewModel */ = {
			isa = PBXGroup;
			children = (
				980C98391B9048CF00FC5F1E /* ExampleViewModel.h */,
				980C983B1B9048CF00FC5F1E /* Info.plist */,
			);
			path = ExampleViewModel;
			sourceTree = "<group>";
		};
		980C98461B9048CF00FC5F1E /* ExampleViewModelTests */ = {
			isa = PBXGroup;
			children = (
				980C98471B9048CF00FC5F1E /* ExampleViewModelTests.swift */,
				980C98491B9048CF00FC5F1E /* Info.plist */,
			);
			path = ExampleViewModelTests;
			sourceTree = "<group>";
		};
		980C985A1B9048E300FC5F1E /* ExampleView */ = {
			isa = PBXGroup;
			children = (
				980D23101B954B4400AE6BF4 /* ImageSearchTableViewController.swift */,
				980D23121B954C1400AE6BF4 /* ImageSearchTableViewCell.swift */,
				980D23141B954C8000AE6BF4 /* Main.storyboard */,
				980C985B1B9048E300FC5F1E /* ExampleView.h */,
				980C985D1B9048E300FC5F1E /* Info.plist */,
			);
			path = ExampleView;
			sourceTree = "<group>";
		};
		980C98681B9048E300FC5F1E /* ExampleViewTests */ = {
			isa = PBXGroup;
			children = (
				980C98691B9048E300FC5F1E /* ExampleViewTests.swift */,
				980C986B1B9048E300FC5F1E /* Info.plist */,
			);
			path = ExampleViewTests;
			sourceTree = "<group>";
		};
		980C98761B90495D00FC5F1E /* Tests */ = {
			isa = PBXGroup;
			children = (
				980C98231B90488900FC5F1E /* ExampleModelTests */,
				980C98461B9048CF00FC5F1E /* ExampleViewModelTests */,
				980C98681B9048E300FC5F1E /* ExampleViewTests */,
				980C97FD1B9027A500FC5F1E /* SwinjectMVVMExampleTests */,
			);
			name = Tests;
			sourceTree = "<group>";
		};
		980C98D31B90860F00FC5F1E /* Frameworks */ = {
			isa = PBXGroup;
			children = (
				980C98DB1B908B4A00FC5F1E /* Alamofire.framework */,
				980C98DC1B908B4A00FC5F1E /* Himotoki.framework */,
				980C98DF1B908B4A00FC5F1E /* ReactiveCocoa.framework */,
				980C98E01B908B4A00FC5F1E /* Result.framework */,
				980C98E11B908B4A00FC5F1E /* Swinject.framework */,
				980C98DD1B908B4A00FC5F1E /* Nimble.framework */,
				980C98DE1B908B4A00FC5F1E /* Quick.framework */,
			);
			name = Frameworks;
			sourceTree = "<group>";
		};
		98D13F411B90BAAC00047CA0 /* dSYMs */ = {
			isa = PBXGroup;
			children = (
				98D13F421B90BD3A00047CA0 /* Alamofire.framework.dSYM */,
				98D13F431B90BD3A00047CA0 /* Himotoki.framework.dSYM */,
				98D13F441B90BD3A00047CA0 /* ReactiveCocoa.framework.dSYM */,
				98D13F451B90BD3A00047CA0 /* Result.framework.dSYM */,
				98D13F461B90BD3A00047CA0 /* Swinject.framework.dSYM */,
			);
			name = dSYMs;
			sourceTree = "<group>";
		};
/* End PBXGroup section */

/* Begin PBXHeadersBuildPhase section */
		980C98111B90488900FC5F1E /* Headers */ = {
			isa = PBXHeadersBuildPhase;
			buildActionMask = 2147483647;
			files = (
				980C98171B90488900FC5F1E /* ExampleModel.h in Headers */,
			);
			runOnlyForDeploymentPostprocessing = 0;
		};
		980C98341B9048CF00FC5F1E /* Headers */ = {
			isa = PBXHeadersBuildPhase;
			buildActionMask = 2147483647;
			files = (
				980C98771B904A6D00FC5F1E /* ExampleViewModel.h in Headers */,
			);
			runOnlyForDeploymentPostprocessing = 0;
		};
		980C98561B9048E300FC5F1E /* Headers */ = {
			isa = PBXHeadersBuildPhase;
			buildActionMask = 2147483647;
			files = (
				980C98781B904A7100FC5F1E /* ExampleView.h in Headers */,
			);
			runOnlyForDeploymentPostprocessing = 0;
		};
/* End PBXHeadersBuildPhase section */

/* Begin PBXNativeTarget section */
		980C97E51B9027A400FC5F1E /* SwinjectMVVMExample */ = {
			isa = PBXNativeTarget;
			buildConfigurationList = 980C98031B9027A500FC5F1E /* Build configuration list for PBXNativeTarget "SwinjectMVVMExample" */;
			buildPhases = (
				980C97E21B9027A400FC5F1E /* Sources */,
				980C97E31B9027A400FC5F1E /* Frameworks */,
				980C97E41B9027A400FC5F1E /* Resources */,
				980C98301B90488A00FC5F1E /* Embed Frameworks */,
				98D13F351B90B7B700047CA0 /* Run Script for Frameworks by Carthage */,
				98D13F361B90B94700047CA0 /* Copy dSYMs */,
			);
			buildRules = (
			);
			dependencies = (
				980C98281B90488900FC5F1E /* PBXTargetDependency */,
				980C984B1B9048CF00FC5F1E /* PBXTargetDependency */,
				980C986D1B9048E300FC5F1E /* PBXTargetDependency */,
			);
			name = SwinjectMVVMExample;
			productName = SwinjectMVVMExample;
			productReference = 980C97E61B9027A400FC5F1E /* SwinjectMVVMExample.app */;
			productType = "com.apple.product-type.application";
		};
		980C97F91B9027A500FC5F1E /* SwinjectMVVMExampleTests */ = {
			isa = PBXNativeTarget;
			buildConfigurationList = 980C98061B9027A500FC5F1E /* Build configuration list for PBXNativeTarget "SwinjectMVVMExampleTests" */;
			buildPhases = (
				980C97F61B9027A500FC5F1E /* Sources */,
				980C97F71B9027A500FC5F1E /* Frameworks */,
				980C97F81B9027A500FC5F1E /* Resources */,
				98D13F191B90AF6E00047CA0 /* Copy Frameworks */,
			);
			buildRules = (
			);
			dependencies = (
				980C97FC1B9027A500FC5F1E /* PBXTargetDependency */,
			);
			name = SwinjectMVVMExampleTests;
			productName = SwinjectMVVMExampleTests;
			productReference = 980C97FA1B9027A500FC5F1E /* SwinjectMVVMExampleTests.xctest */;
			productType = "com.apple.product-type.bundle.unit-test";
		};
		980C98131B90488900FC5F1E /* ExampleModel */ = {
			isa = PBXNativeTarget;
			buildConfigurationList = 980C982F1B90488A00FC5F1E /* Build configuration list for PBXNativeTarget "ExampleModel" */;
			buildPhases = (
				980C980F1B90488900FC5F1E /* Sources */,
				980C98101B90488900FC5F1E /* Frameworks */,
				980C98111B90488900FC5F1E /* Headers */,
				980C98121B90488900FC5F1E /* Resources */,
			);
			buildRules = (
			);
			dependencies = (
			);
			name = ExampleModel;
			productName = ExampleModel;
			productReference = 980C98141B90488900FC5F1E /* ExampleModel.framework */;
			productType = "com.apple.product-type.framework";
		};
		980C981C1B90488900FC5F1E /* ExampleModelTests */ = {
			isa = PBXNativeTarget;
			buildConfigurationList = 980C98311B90488A00FC5F1E /* Build configuration list for PBXNativeTarget "ExampleModelTests" */;
			buildPhases = (
				980C98191B90488900FC5F1E /* Sources */,
				980C981A1B90488900FC5F1E /* Frameworks */,
				980C981B1B90488900FC5F1E /* Resources */,
				98D13F161B90ABAC00047CA0 /* Copy Frameworks */,
			);
			buildRules = (
			);
			dependencies = (
				980C98201B90488900FC5F1E /* PBXTargetDependency */,
			);
			name = ExampleModelTests;
			productName = ExampleModelTests;
			productReference = 980C981D1B90488900FC5F1E /* ExampleModelTests.xctest */;
			productType = "com.apple.product-type.bundle.unit-test";
		};
		980C98361B9048CF00FC5F1E /* ExampleViewModel */ = {
			isa = PBXNativeTarget;
			buildConfigurationList = 980C984E1B9048D000FC5F1E /* Build configuration list for PBXNativeTarget "ExampleViewModel" */;
			buildPhases = (
				980C98321B9048CF00FC5F1E /* Sources */,
				980C98331B9048CF00FC5F1E /* Frameworks */,
				980C98341B9048CF00FC5F1E /* Headers */,
				980C98351B9048CF00FC5F1E /* Resources */,
			);
			buildRules = (
			);
			dependencies = (
				980C987A1B904E1200FC5F1E /* PBXTargetDependency */,
			);
			name = ExampleViewModel;
			productName = ExampleViewModel;
			productReference = 980C98371B9048CF00FC5F1E /* ExampleViewModel.framework */;
			productType = "com.apple.product-type.framework";
		};
		980C983F1B9048CF00FC5F1E /* ExampleViewModelTests */ = {
			isa = PBXNativeTarget;
			buildConfigurationList = 980C98511B9048D000FC5F1E /* Build configuration list for PBXNativeTarget "ExampleViewModelTests" */;
			buildPhases = (
				980C983C1B9048CF00FC5F1E /* Sources */,
				980C983D1B9048CF00FC5F1E /* Frameworks */,
				980C983E1B9048CF00FC5F1E /* Resources */,
				98D13F171B90AF5900047CA0 /* Copy Frameworks */,
			);
			buildRules = (
			);
			dependencies = (
				980C98431B9048CF00FC5F1E /* PBXTargetDependency */,
			);
			name = ExampleViewModelTests;
			productName = ExampleViewModelTests;
			productReference = 980C98401B9048CF00FC5F1E /* ExampleViewModelTests.xctest */;
			productType = "com.apple.product-type.bundle.unit-test";
		};
		980C98581B9048E300FC5F1E /* ExampleView */ = {
			isa = PBXNativeTarget;
			buildConfigurationList = 980C98701B9048E300FC5F1E /* Build configuration list for PBXNativeTarget "ExampleView" */;
			buildPhases = (
				980C98541B9048E300FC5F1E /* Sources */,
				980C98551B9048E300FC5F1E /* Frameworks */,
				980C98561B9048E300FC5F1E /* Headers */,
				980C98571B9048E300FC5F1E /* Resources */,
			);
			buildRules = (
			);
			dependencies = (
				980C987D1B904E4300FC5F1E /* PBXTargetDependency */,
			);
			name = ExampleView;
			productName = ExampleView;
			productReference = 980C98591B9048E300FC5F1E /* ExampleView.framework */;
			productType = "com.apple.product-type.framework";
		};
		980C98611B9048E300FC5F1E /* ExampleViewTests */ = {
			isa = PBXNativeTarget;
			buildConfigurationList = 980C98731B9048E300FC5F1E /* Build configuration list for PBXNativeTarget "ExampleViewTests" */;
			buildPhases = (
				980C985E1B9048E300FC5F1E /* Sources */,
				980C985F1B9048E300FC5F1E /* Frameworks */,
				980C98601B9048E300FC5F1E /* Resources */,
				98D13F181B90AF6400047CA0 /* Copy Frameworks */,
			);
			buildRules = (
			);
			dependencies = (
				980C98651B9048E300FC5F1E /* PBXTargetDependency */,
			);
			name = ExampleViewTests;
			productName = ExampleViewTests;
			productReference = 980C98621B9048E300FC5F1E /* ExampleViewTests.xctest */;
			productType = "com.apple.product-type.bundle.unit-test";
		};
/* End PBXNativeTarget section */

/* Begin PBXProject section */
		980C97DE1B9027A400FC5F1E /* Project object */ = {
			isa = PBXProject;
			attributes = {
				LastSwiftUpdateCheck = 0700;
				LastUpgradeCheck = 0700;
				ORGANIZATIONNAME = "Swinject Contributors";
				TargetAttributes = {
					980C97E51B9027A400FC5F1E = {
						CreatedOnToolsVersion = 7.0;
					};
					980C97F91B9027A500FC5F1E = {
						CreatedOnToolsVersion = 7.0;
						TestTargetID = 980C97E51B9027A400FC5F1E;
					};
					980C98131B90488900FC5F1E = {
						CreatedOnToolsVersion = 7.0;
					};
					980C981C1B90488900FC5F1E = {
						CreatedOnToolsVersion = 7.0;
					};
					980C98361B9048CF00FC5F1E = {
						CreatedOnToolsVersion = 7.0;
					};
					980C983F1B9048CF00FC5F1E = {
						CreatedOnToolsVersion = 7.0;
					};
					980C98581B9048E300FC5F1E = {
						CreatedOnToolsVersion = 7.0;
					};
					980C98611B9048E300FC5F1E = {
						CreatedOnToolsVersion = 7.0;
					};
				};
			};
			buildConfigurationList = 980C97E11B9027A400FC5F1E /* Build configuration list for PBXProject "SwinjectMVVMExample" */;
			compatibilityVersion = "Xcode 3.2";
			developmentRegion = English;
			hasScannedForEncodings = 0;
			knownRegions = (
				en,
				Base,
			);
			mainGroup = 980C97DD1B9027A400FC5F1E;
			productRefGroup = 980C97E71B9027A400FC5F1E /* Products */;
			projectDirPath = "";
			projectRoot = "";
			targets = (
				980C98131B90488900FC5F1E /* ExampleModel */,
				980C98361B9048CF00FC5F1E /* ExampleViewModel */,
				980C98581B9048E300FC5F1E /* ExampleView */,
				980C97E51B9027A400FC5F1E /* SwinjectMVVMExample */,
				980C981C1B90488900FC5F1E /* ExampleModelTests */,
				980C983F1B9048CF00FC5F1E /* ExampleViewModelTests */,
				980C98611B9048E300FC5F1E /* ExampleViewTests */,
				980C97F91B9027A500FC5F1E /* SwinjectMVVMExampleTests */,
			);
		};
/* End PBXProject section */

/* Begin PBXResourcesBuildPhase section */
		980C97E41B9027A400FC5F1E /* Resources */ = {
			isa = PBXResourcesBuildPhase;
			buildActionMask = 2147483647;
			files = (
				980C97F41B9027A400FC5F1E /* LaunchScreen.storyboard in Resources */,
				980C97F11B9027A400FC5F1E /* Assets.xcassets in Resources */,
			);
			runOnlyForDeploymentPostprocessing = 0;
		};
		980C97F81B9027A500FC5F1E /* Resources */ = {
			isa = PBXResourcesBuildPhase;
			buildActionMask = 2147483647;
			files = (
			);
			runOnlyForDeploymentPostprocessing = 0;
		};
		980C98121B90488900FC5F1E /* Resources */ = {
			isa = PBXResourcesBuildPhase;
			buildActionMask = 2147483647;
			files = (
			);
			runOnlyForDeploymentPostprocessing = 0;
		};
		980C981B1B90488900FC5F1E /* Resources */ = {
			isa = PBXResourcesBuildPhase;
			buildActionMask = 2147483647;
			files = (
			);
			runOnlyForDeploymentPostprocessing = 0;
		};
		980C98351B9048CF00FC5F1E /* Resources */ = {
			isa = PBXResourcesBuildPhase;
			buildActionMask = 2147483647;
			files = (
			);
			runOnlyForDeploymentPostprocessing = 0;
		};
		980C983E1B9048CF00FC5F1E /* Resources */ = {
			isa = PBXResourcesBuildPhase;
			buildActionMask = 2147483647;
			files = (
			);
			runOnlyForDeploymentPostprocessing = 0;
		};
		980C98571B9048E300FC5F1E /* Resources */ = {
			isa = PBXResourcesBuildPhase;
			buildActionMask = 2147483647;
			files = (
				980D23151B954C8000AE6BF4 /* Main.storyboard in Resources */,
			);
			runOnlyForDeploymentPostprocessing = 0;
		};
		980C98601B9048E300FC5F1E /* Resources */ = {
			isa = PBXResourcesBuildPhase;
			buildActionMask = 2147483647;
			files = (
			);
			runOnlyForDeploymentPostprocessing = 0;
		};
/* End PBXResourcesBuildPhase section */

/* Begin PBXShellScriptBuildPhase section */
		98D13F351B90B7B700047CA0 /* Run Script for Frameworks by Carthage */ = {
			isa = PBXShellScriptBuildPhase;
			buildActionMask = 2147483647;
			files = (
			);
			inputPaths = (
				"$(SRCROOT)/Carthage/Build/iOS/Alamofire.framework",
				"$(SRCROOT)/Carthage/Build/iOS/Himotoki.framework",
				"$(SRCROOT)/Carthage/Build/iOS/ReactiveCocoa.framework",
				"$(SRCROOT)/Carthage/Build/iOS/Result.framework",
				"$(SRCROOT)/Carthage/Build/iOS/Swinject.framework",
			);
			name = "Run Script for Frameworks by Carthage";
			outputPaths = (
			);
			runOnlyForDeploymentPostprocessing = 0;
			shellPath = /bin/sh;
			shellScript = "/usr/local/bin/carthage copy-frameworks\n";
		};
/* End PBXShellScriptBuildPhase section */

/* Begin PBXSourcesBuildPhase section */
		980C97E21B9027A400FC5F1E /* Sources */ = {
			isa = PBXSourcesBuildPhase;
			buildActionMask = 2147483647;
			files = (
				980C97EA1B9027A400FC5F1E /* AppDelegate.swift in Sources */,
			);
			runOnlyForDeploymentPostprocessing = 0;
		};
		980C97F61B9027A500FC5F1E /* Sources */ = {
			isa = PBXSourcesBuildPhase;
			buildActionMask = 2147483647;
			files = (
				980C97FF1B9027A500FC5F1E /* SwinjectMVVMExampleTests.swift in Sources */,
			);
			runOnlyForDeploymentPostprocessing = 0;
		};
		980C980F1B90488900FC5F1E /* Sources */ = {
			isa = PBXSourcesBuildPhase;
			buildActionMask = 2147483647;
			files = (
				980D23051B92F48400AE6BF4 /* ImageSearch.swift in Sources */,
				980D23031B92F46300AE6BF4 /* ImageSearching.swift in Sources */,
				980D22FB1B92F25100AE6BF4 /* Networking.swift in Sources */,
				98E8C0C71B91DAFF001F3459 /* ImageEntity.swift in Sources */,
				980D230F1B931DC500AE6BF4 /* Pixabay.Config.swift in Sources */,
				980D22FD1B92F27F00AE6BF4 /* Network.swift in Sources */,
				98E8C0C91B91DB26001F3459 /* ResponseEntity.swift in Sources */,
				980D23071B92F4A100AE6BF4 /* Pixabay.swift in Sources */,
				980D22FF1B92F29700AE6BF4 /* NetworkError.swift in Sources */,
			);
			runOnlyForDeploymentPostprocessing = 0;
		};
		980C98191B90488900FC5F1E /* Sources */ = {
			isa = PBXSourcesBuildPhase;
			buildActionMask = 2147483647;
			files = (
				980D23091B92F5F700AE6BF4 /* ImageSearchSpec.swift in Sources */,
				98E8C0CD1B91DC01001F3459 /* ResponseEntitySpec.swift in Sources */,
				980D230D1B92FAB600AE6BF4 /* Dummy.swift in Sources */,
				98E8C0CB1B91DBCC001F3459 /* ImageEntitySpec.swift in Sources */,
				980D23011B92F2BB00AE6BF4 /* NetworkSpec.swift in Sources */,
			);
			runOnlyForDeploymentPostprocessing = 0;
		};
		980C98321B9048CF00FC5F1E /* Sources */ = {
			isa = PBXSourcesBuildPhase;
			buildActionMask = 2147483647;
			files = (
			);
			runOnlyForDeploymentPostprocessing = 0;
		};
		980C983C1B9048CF00FC5F1E /* Sources */ = {
			isa = PBXSourcesBuildPhase;
			buildActionMask = 2147483647;
			files = (
				980C98481B9048CF00FC5F1E /* ExampleViewModelTests.swift in Sources */,
			);
			runOnlyForDeploymentPostprocessing = 0;
		};
		980C98541B9048E300FC5F1E /* Sources */ = {
			isa = PBXSourcesBuildPhase;
			buildActionMask = 2147483647;
			files = (
				980D23111B954B4400AE6BF4 /* ImageSearchTableViewController.swift in Sources */,
				980D23131B954C1400AE6BF4 /* ImageSearchTableViewCell.swift in Sources */,
			);
			runOnlyForDeploymentPostprocessing = 0;
		};
		980C985E1B9048E300FC5F1E /* Sources */ = {
			isa = PBXSourcesBuildPhase;
			buildActionMask = 2147483647;
			files = (
				980C986A1B9048E300FC5F1E /* ExampleViewTests.swift in Sources */,
			);
			runOnlyForDeploymentPostprocessing = 0;
		};
/* End PBXSourcesBuildPhase section */

/* Begin PBXTargetDependency section */
		980C97FC1B9027A500FC5F1E /* PBXTargetDependency */ = {
			isa = PBXTargetDependency;
			target = 980C97E51B9027A400FC5F1E /* SwinjectMVVMExample */;
			targetProxy = 980C97FB1B9027A500FC5F1E /* PBXContainerItemProxy */;
		};
		980C98201B90488900FC5F1E /* PBXTargetDependency */ = {
			isa = PBXTargetDependency;
			target = 980C98131B90488900FC5F1E /* ExampleModel */;
			targetProxy = 980C981F1B90488900FC5F1E /* PBXContainerItemProxy */;
		};
		980C98281B90488900FC5F1E /* PBXTargetDependency */ = {
			isa = PBXTargetDependency;
			target = 980C98131B90488900FC5F1E /* ExampleModel */;
			targetProxy = 980C98271B90488900FC5F1E /* PBXContainerItemProxy */;
		};
		980C98431B9048CF00FC5F1E /* PBXTargetDependency */ = {
			isa = PBXTargetDependency;
			target = 980C98361B9048CF00FC5F1E /* ExampleViewModel */;
			targetProxy = 980C98421B9048CF00FC5F1E /* PBXContainerItemProxy */;
		};
		980C984B1B9048CF00FC5F1E /* PBXTargetDependency */ = {
			isa = PBXTargetDependency;
			target = 980C98361B9048CF00FC5F1E /* ExampleViewModel */;
			targetProxy = 980C984A1B9048CF00FC5F1E /* PBXContainerItemProxy */;
		};
		980C98651B9048E300FC5F1E /* PBXTargetDependency */ = {
			isa = PBXTargetDependency;
			target = 980C98581B9048E300FC5F1E /* ExampleView */;
			targetProxy = 980C98641B9048E300FC5F1E /* PBXContainerItemProxy */;
		};
		980C986D1B9048E300FC5F1E /* PBXTargetDependency */ = {
			isa = PBXTargetDependency;
			target = 980C98581B9048E300FC5F1E /* ExampleView */;
			targetProxy = 980C986C1B9048E300FC5F1E /* PBXContainerItemProxy */;
		};
		980C987A1B904E1200FC5F1E /* PBXTargetDependency */ = {
			isa = PBXTargetDependency;
			target = 980C98131B90488900FC5F1E /* ExampleModel */;
			targetProxy = 980C98791B904E1200FC5F1E /* PBXContainerItemProxy */;
		};
		980C987D1B904E4300FC5F1E /* PBXTargetDependency */ = {
			isa = PBXTargetDependency;
			target = 980C98361B9048CF00FC5F1E /* ExampleViewModel */;
			targetProxy = 980C987C1B904E4300FC5F1E /* PBXContainerItemProxy */;
		};
/* End PBXTargetDependency section */

/* Begin PBXVariantGroup section */
		980C97F21B9027A400FC5F1E /* LaunchScreen.storyboard */ = {
			isa = PBXVariantGroup;
			children = (
				980C97F31B9027A400FC5F1E /* Base */,
			);
			name = LaunchScreen.storyboard;
			sourceTree = "<group>";
		};
/* End PBXVariantGroup section */

/* Begin XCBuildConfiguration section */
		980C98011B9027A500FC5F1E /* Debug */ = {
			isa = XCBuildConfiguration;
			buildSettings = {
				ALWAYS_SEARCH_USER_PATHS = NO;
				CLANG_CXX_LANGUAGE_STANDARD = "gnu++0x";
				CLANG_CXX_LIBRARY = "libc++";
				CLANG_ENABLE_MODULES = YES;
				CLANG_ENABLE_OBJC_ARC = YES;
				CLANG_WARN_BOOL_CONVERSION = YES;
				CLANG_WARN_CONSTANT_CONVERSION = YES;
				CLANG_WARN_DIRECT_OBJC_ISA_USAGE = YES_ERROR;
				CLANG_WARN_EMPTY_BODY = YES;
				CLANG_WARN_ENUM_CONVERSION = YES;
				CLANG_WARN_INT_CONVERSION = YES;
				CLANG_WARN_OBJC_ROOT_CLASS = YES_ERROR;
				CLANG_WARN_UNREACHABLE_CODE = YES;
				CLANG_WARN__DUPLICATE_METHOD_MATCH = YES;
				"CODE_SIGN_IDENTITY[sdk=iphoneos*]" = "iPhone Developer";
				COPY_PHASE_STRIP = NO;
				DEBUG_INFORMATION_FORMAT = dwarf;
				ENABLE_STRICT_OBJC_MSGSEND = YES;
				ENABLE_TESTABILITY = YES;
				GCC_C_LANGUAGE_STANDARD = gnu99;
				GCC_DYNAMIC_NO_PIC = NO;
				GCC_NO_COMMON_BLOCKS = YES;
				GCC_OPTIMIZATION_LEVEL = 0;
				GCC_PREPROCESSOR_DEFINITIONS = (
					"DEBUG=1",
					"$(inherited)",
				);
				GCC_WARN_64_TO_32_BIT_CONVERSION = YES;
				GCC_WARN_ABOUT_RETURN_TYPE = YES_ERROR;
				GCC_WARN_UNDECLARED_SELECTOR = YES;
				GCC_WARN_UNINITIALIZED_AUTOS = YES_AGGRESSIVE;
				GCC_WARN_UNUSED_FUNCTION = YES;
				GCC_WARN_UNUSED_VARIABLE = YES;
				IPHONEOS_DEPLOYMENT_TARGET = 9.0;
				MTL_ENABLE_DEBUG_INFO = YES;
				ONLY_ACTIVE_ARCH = YES;
				SDKROOT = iphoneos;
				SWIFT_OPTIMIZATION_LEVEL = "-Onone";
			};
			name = Debug;
		};
		980C98021B9027A500FC5F1E /* Release */ = {
			isa = XCBuildConfiguration;
			buildSettings = {
				ALWAYS_SEARCH_USER_PATHS = NO;
				CLANG_CXX_LANGUAGE_STANDARD = "gnu++0x";
				CLANG_CXX_LIBRARY = "libc++";
				CLANG_ENABLE_MODULES = YES;
				CLANG_ENABLE_OBJC_ARC = YES;
				CLANG_WARN_BOOL_CONVERSION = YES;
				CLANG_WARN_CONSTANT_CONVERSION = YES;
				CLANG_WARN_DIRECT_OBJC_ISA_USAGE = YES_ERROR;
				CLANG_WARN_EMPTY_BODY = YES;
				CLANG_WARN_ENUM_CONVERSION = YES;
				CLANG_WARN_INT_CONVERSION = YES;
				CLANG_WARN_OBJC_ROOT_CLASS = YES_ERROR;
				CLANG_WARN_UNREACHABLE_CODE = YES;
				CLANG_WARN__DUPLICATE_METHOD_MATCH = YES;
				"CODE_SIGN_IDENTITY[sdk=iphoneos*]" = "iPhone Developer";
				COPY_PHASE_STRIP = NO;
				DEBUG_INFORMATION_FORMAT = "dwarf-with-dsym";
				ENABLE_NS_ASSERTIONS = NO;
				ENABLE_STRICT_OBJC_MSGSEND = YES;
				GCC_C_LANGUAGE_STANDARD = gnu99;
				GCC_NO_COMMON_BLOCKS = YES;
				GCC_WARN_64_TO_32_BIT_CONVERSION = YES;
				GCC_WARN_ABOUT_RETURN_TYPE = YES_ERROR;
				GCC_WARN_UNDECLARED_SELECTOR = YES;
				GCC_WARN_UNINITIALIZED_AUTOS = YES_AGGRESSIVE;
				GCC_WARN_UNUSED_FUNCTION = YES;
				GCC_WARN_UNUSED_VARIABLE = YES;
				IPHONEOS_DEPLOYMENT_TARGET = 9.0;
				MTL_ENABLE_DEBUG_INFO = NO;
				SDKROOT = iphoneos;
				VALIDATE_PRODUCT = YES;
			};
			name = Release;
		};
		980C98041B9027A500FC5F1E /* Debug */ = {
			isa = XCBuildConfiguration;
			buildSettings = {
				ASSETCATALOG_COMPILER_APPICON_NAME = AppIcon;
				EMBEDDED_CONTENT_CONTAINS_SWIFT = YES;
				FRAMEWORK_SEARCH_PATHS = (
					"$(inherited)",
					"$(PROJECT_DIR)/Carthage/Build/iOS",
				);
				INFOPLIST_FILE = SwinjectMVVMExample/Info.plist;
				LD_RUNPATH_SEARCH_PATHS = "$(inherited) @executable_path/Frameworks";
				PRODUCT_BUNDLE_IDENTIFIER = com.github.Swinject.SwinjectMVVMExample.SwinjectMVVMExample;
				PRODUCT_NAME = "$(TARGET_NAME)";
			};
			name = Debug;
		};
		980C98051B9027A500FC5F1E /* Release */ = {
			isa = XCBuildConfiguration;
			buildSettings = {
				ASSETCATALOG_COMPILER_APPICON_NAME = AppIcon;
				EMBEDDED_CONTENT_CONTAINS_SWIFT = YES;
				FRAMEWORK_SEARCH_PATHS = (
					"$(inherited)",
					"$(PROJECT_DIR)/Carthage/Build/iOS",
				);
				INFOPLIST_FILE = SwinjectMVVMExample/Info.plist;
				LD_RUNPATH_SEARCH_PATHS = "$(inherited) @executable_path/Frameworks";
				PRODUCT_BUNDLE_IDENTIFIER = com.github.Swinject.SwinjectMVVMExample.SwinjectMVVMExample;
				PRODUCT_NAME = "$(TARGET_NAME)";
			};
			name = Release;
		};
		980C98071B9027A500FC5F1E /* Debug */ = {
			isa = XCBuildConfiguration;
			buildSettings = {
				BUNDLE_LOADER = "$(TEST_HOST)";
				FRAMEWORK_SEARCH_PATHS = (
					"$(inherited)",
					"$(PROJECT_DIR)/Carthage/Build/iOS",
				);
				INFOPLIST_FILE = SwinjectMVVMExampleTests/Info.plist;
				LD_RUNPATH_SEARCH_PATHS = "$(inherited) @executable_path/Frameworks @loader_path/Frameworks";
				PRODUCT_BUNDLE_IDENTIFIER = com.github.Swinject.SwinjectMVVMExample.SwinjectMVVMExampleTests;
				PRODUCT_NAME = "$(TARGET_NAME)";
				TEST_HOST = "$(BUILT_PRODUCTS_DIR)/SwinjectMVVMExample.app/SwinjectMVVMExample";
			};
			name = Debug;
		};
		980C98081B9027A500FC5F1E /* Release */ = {
			isa = XCBuildConfiguration;
			buildSettings = {
				BUNDLE_LOADER = "$(TEST_HOST)";
				FRAMEWORK_SEARCH_PATHS = (
					"$(inherited)",
					"$(PROJECT_DIR)/Carthage/Build/iOS",
				);
				INFOPLIST_FILE = SwinjectMVVMExampleTests/Info.plist;
				LD_RUNPATH_SEARCH_PATHS = "$(inherited) @executable_path/Frameworks @loader_path/Frameworks";
				PRODUCT_BUNDLE_IDENTIFIER = com.github.Swinject.SwinjectMVVMExample.SwinjectMVVMExampleTests;
				PRODUCT_NAME = "$(TARGET_NAME)";
				TEST_HOST = "$(BUILT_PRODUCTS_DIR)/SwinjectMVVMExample.app/SwinjectMVVMExample";
			};
			name = Release;
		};
		980C982B1B90488A00FC5F1E /* Debug */ = {
			isa = XCBuildConfiguration;
			buildSettings = {
				CLANG_ENABLE_MODULES = YES;
				CURRENT_PROJECT_VERSION = 1;
				DEFINES_MODULE = YES;
				DYLIB_COMPATIBILITY_VERSION = 1;
				DYLIB_CURRENT_VERSION = 1;
				DYLIB_INSTALL_NAME_BASE = "@rpath";
				FRAMEWORK_SEARCH_PATHS = (
					"$(inherited)",
					"$(PROJECT_DIR)/Carthage/Build/iOS",
				);
				INFOPLIST_FILE = ExampleModel/Info.plist;
				INSTALL_PATH = "$(LOCAL_LIBRARY_DIR)/Frameworks";
				LD_RUNPATH_SEARCH_PATHS = "$(inherited) @executable_path/Frameworks @loader_path/Frameworks";
				PRODUCT_BUNDLE_IDENTIFIER = com.github.Swinject.SwinjectMVVMExample.ExampleModel;
				PRODUCT_NAME = "$(TARGET_NAME)";
				SKIP_INSTALL = YES;
				SWIFT_OPTIMIZATION_LEVEL = "-Onone";
				TARGETED_DEVICE_FAMILY = "1,2";
				VERSIONING_SYSTEM = "apple-generic";
				VERSION_INFO_PREFIX = "";
			};
			name = Debug;
		};
		980C982C1B90488A00FC5F1E /* Release */ = {
			isa = XCBuildConfiguration;
			buildSettings = {
				CLANG_ENABLE_MODULES = YES;
				CURRENT_PROJECT_VERSION = 1;
				DEFINES_MODULE = YES;
				DYLIB_COMPATIBILITY_VERSION = 1;
				DYLIB_CURRENT_VERSION = 1;
				DYLIB_INSTALL_NAME_BASE = "@rpath";
				FRAMEWORK_SEARCH_PATHS = (
					"$(inherited)",
					"$(PROJECT_DIR)/Carthage/Build/iOS",
				);
				INFOPLIST_FILE = ExampleModel/Info.plist;
				INSTALL_PATH = "$(LOCAL_LIBRARY_DIR)/Frameworks";
				LD_RUNPATH_SEARCH_PATHS = "$(inherited) @executable_path/Frameworks @loader_path/Frameworks";
				PRODUCT_BUNDLE_IDENTIFIER = com.github.Swinject.SwinjectMVVMExample.ExampleModel;
				PRODUCT_NAME = "$(TARGET_NAME)";
				SKIP_INSTALL = YES;
				TARGETED_DEVICE_FAMILY = "1,2";
				VERSIONING_SYSTEM = "apple-generic";
				VERSION_INFO_PREFIX = "";
			};
			name = Release;
		};
		980C982D1B90488A00FC5F1E /* Debug */ = {
			isa = XCBuildConfiguration;
			buildSettings = {
				CLANG_ENABLE_MODULES = YES;
				FRAMEWORK_SEARCH_PATHS = (
					"$(inherited)",
					"$(PROJECT_DIR)/Carthage/Build/iOS",
				);
				INFOPLIST_FILE = ExampleModelTests/Info.plist;
				LD_RUNPATH_SEARCH_PATHS = "$(inherited) @executable_path/Frameworks @loader_path/Frameworks";
				PRODUCT_BUNDLE_IDENTIFIER = com.github.Swinject.SwinjectMVVMExample.ExampleModelTests;
				PRODUCT_NAME = "$(TARGET_NAME)";
				SWIFT_OPTIMIZATION_LEVEL = "-Onone";
			};
			name = Debug;
		};
		980C982E1B90488A00FC5F1E /* Release */ = {
			isa = XCBuildConfiguration;
			buildSettings = {
				CLANG_ENABLE_MODULES = YES;
				FRAMEWORK_SEARCH_PATHS = (
					"$(inherited)",
					"$(PROJECT_DIR)/Carthage/Build/iOS",
				);
				INFOPLIST_FILE = ExampleModelTests/Info.plist;
				LD_RUNPATH_SEARCH_PATHS = "$(inherited) @executable_path/Frameworks @loader_path/Frameworks";
				PRODUCT_BUNDLE_IDENTIFIER = com.github.Swinject.SwinjectMVVMExample.ExampleModelTests;
				PRODUCT_NAME = "$(TARGET_NAME)";
			};
			name = Release;
		};
		980C984F1B9048D000FC5F1E /* Debug */ = {
			isa = XCBuildConfiguration;
			buildSettings = {
				CURRENT_PROJECT_VERSION = 1;
				DEFINES_MODULE = YES;
				DYLIB_COMPATIBILITY_VERSION = 1;
				DYLIB_CURRENT_VERSION = 1;
				DYLIB_INSTALL_NAME_BASE = "@rpath";
				FRAMEWORK_SEARCH_PATHS = (
					"$(inherited)",
					"$(PROJECT_DIR)/Carthage/Build/iOS",
				);
				INFOPLIST_FILE = ExampleViewModel/Info.plist;
				INSTALL_PATH = "$(LOCAL_LIBRARY_DIR)/Frameworks";
				LD_RUNPATH_SEARCH_PATHS = "$(inherited) @executable_path/Frameworks @loader_path/Frameworks";
				PRODUCT_BUNDLE_IDENTIFIER = com.github.Swinject.SwinjectMVVMExample.ExampleViewModel;
				PRODUCT_NAME = "$(TARGET_NAME)";
				SKIP_INSTALL = YES;
				TARGETED_DEVICE_FAMILY = "1,2";
				VERSIONING_SYSTEM = "apple-generic";
				VERSION_INFO_PREFIX = "";
			};
			name = Debug;
		};
		980C98501B9048D000FC5F1E /* Release */ = {
			isa = XCBuildConfiguration;
			buildSettings = {
				CURRENT_PROJECT_VERSION = 1;
				DEFINES_MODULE = YES;
				DYLIB_COMPATIBILITY_VERSION = 1;
				DYLIB_CURRENT_VERSION = 1;
				DYLIB_INSTALL_NAME_BASE = "@rpath";
				FRAMEWORK_SEARCH_PATHS = (
					"$(inherited)",
					"$(PROJECT_DIR)/Carthage/Build/iOS",
				);
				INFOPLIST_FILE = ExampleViewModel/Info.plist;
				INSTALL_PATH = "$(LOCAL_LIBRARY_DIR)/Frameworks";
				LD_RUNPATH_SEARCH_PATHS = "$(inherited) @executable_path/Frameworks @loader_path/Frameworks";
				PRODUCT_BUNDLE_IDENTIFIER = com.github.Swinject.SwinjectMVVMExample.ExampleViewModel;
				PRODUCT_NAME = "$(TARGET_NAME)";
				SKIP_INSTALL = YES;
				TARGETED_DEVICE_FAMILY = "1,2";
				VERSIONING_SYSTEM = "apple-generic";
				VERSION_INFO_PREFIX = "";
			};
			name = Release;
		};
		980C98521B9048D000FC5F1E /* Debug */ = {
			isa = XCBuildConfiguration;
			buildSettings = {
				FRAMEWORK_SEARCH_PATHS = (
					"$(inherited)",
					"$(PROJECT_DIR)/Carthage/Build/iOS",
				);
				INFOPLIST_FILE = ExampleViewModelTests/Info.plist;
				LD_RUNPATH_SEARCH_PATHS = "$(inherited) @executable_path/Frameworks @loader_path/Frameworks";
				PRODUCT_BUNDLE_IDENTIFIER = com.github.Swinject.SwinjectMVVMExample.ExampleViewModelTests;
				PRODUCT_NAME = "$(TARGET_NAME)";
			};
			name = Debug;
		};
		980C98531B9048D000FC5F1E /* Release */ = {
			isa = XCBuildConfiguration;
			buildSettings = {
				FRAMEWORK_SEARCH_PATHS = (
					"$(inherited)",
					"$(PROJECT_DIR)/Carthage/Build/iOS",
				);
				INFOPLIST_FILE = ExampleViewModelTests/Info.plist;
				LD_RUNPATH_SEARCH_PATHS = "$(inherited) @executable_path/Frameworks @loader_path/Frameworks";
				PRODUCT_BUNDLE_IDENTIFIER = com.github.Swinject.SwinjectMVVMExample.ExampleViewModelTests;
				PRODUCT_NAME = "$(TARGET_NAME)";
			};
			name = Release;
		};
		980C98711B9048E300FC5F1E /* Debug */ = {
			isa = XCBuildConfiguration;
			buildSettings = {
				CLANG_ENABLE_MODULES = YES;
				CURRENT_PROJECT_VERSION = 1;
				DEFINES_MODULE = YES;
				DYLIB_COMPATIBILITY_VERSION = 1;
				DYLIB_CURRENT_VERSION = 1;
				DYLIB_INSTALL_NAME_BASE = "@rpath";
				FRAMEWORK_SEARCH_PATHS = (
					"$(inherited)",
					"$(PROJECT_DIR)/Carthage/Build/iOS",
				);
				INFOPLIST_FILE = ExampleView/Info.plist;
				INSTALL_PATH = "$(LOCAL_LIBRARY_DIR)/Frameworks";
				LD_RUNPATH_SEARCH_PATHS = "$(inherited) @executable_path/Frameworks @loader_path/Frameworks";
				PRODUCT_BUNDLE_IDENTIFIER = com.github.Swinject.SwinjectMVVMExample.ExampleView;
				PRODUCT_NAME = "$(TARGET_NAME)";
				SKIP_INSTALL = YES;
				SWIFT_OPTIMIZATION_LEVEL = "-Onone";
				TARGETED_DEVICE_FAMILY = "1,2";
				VERSIONING_SYSTEM = "apple-generic";
				VERSION_INFO_PREFIX = "";
			};
			name = Debug;
		};
		980C98721B9048E300FC5F1E /* Release */ = {
			isa = XCBuildConfiguration;
			buildSettings = {
				CLANG_ENABLE_MODULES = YES;
				CURRENT_PROJECT_VERSION = 1;
				DEFINES_MODULE = YES;
				DYLIB_COMPATIBILITY_VERSION = 1;
				DYLIB_CURRENT_VERSION = 1;
				DYLIB_INSTALL_NAME_BASE = "@rpath";
				FRAMEWORK_SEARCH_PATHS = (
					"$(inherited)",
					"$(PROJECT_DIR)/Carthage/Build/iOS",
				);
				INFOPLIST_FILE = ExampleView/Info.plist;
				INSTALL_PATH = "$(LOCAL_LIBRARY_DIR)/Frameworks";
				LD_RUNPATH_SEARCH_PATHS = "$(inherited) @executable_path/Frameworks @loader_path/Frameworks";
				PRODUCT_BUNDLE_IDENTIFIER = com.github.Swinject.SwinjectMVVMExample.ExampleView;
				PRODUCT_NAME = "$(TARGET_NAME)";
				SKIP_INSTALL = YES;
				TARGETED_DEVICE_FAMILY = "1,2";
				VERSIONING_SYSTEM = "apple-generic";
				VERSION_INFO_PREFIX = "";
			};
			name = Release;
		};
		980C98741B9048E300FC5F1E /* Debug */ = {
			isa = XCBuildConfiguration;
			buildSettings = {
				FRAMEWORK_SEARCH_PATHS = (
					"$(inherited)",
					"$(PROJECT_DIR)/Carthage/Build/iOS",
				);
				INFOPLIST_FILE = ExampleViewTests/Info.plist;
				LD_RUNPATH_SEARCH_PATHS = "$(inherited) @executable_path/Frameworks @loader_path/Frameworks";
				PRODUCT_BUNDLE_IDENTIFIER = com.github.Swinject.SwinjectMVVMExample.ExampleViewTests;
				PRODUCT_NAME = "$(TARGET_NAME)";
			};
			name = Debug;
		};
		980C98751B9048E300FC5F1E /* Release */ = {
			isa = XCBuildConfiguration;
			buildSettings = {
				FRAMEWORK_SEARCH_PATHS = (
					"$(inherited)",
					"$(PROJECT_DIR)/Carthage/Build/iOS",
				);
				INFOPLIST_FILE = ExampleViewTests/Info.plist;
				LD_RUNPATH_SEARCH_PATHS = "$(inherited) @executable_path/Frameworks @loader_path/Frameworks";
				PRODUCT_BUNDLE_IDENTIFIER = com.github.Swinject.SwinjectMVVMExample.ExampleViewTests;
				PRODUCT_NAME = "$(TARGET_NAME)";
			};
			name = Release;
		};
/* End XCBuildConfiguration section */

/* Begin XCConfigurationList section */
		980C97E11B9027A400FC5F1E /* Build configuration list for PBXProject "SwinjectMVVMExample" */ = {
			isa = XCConfigurationList;
			buildConfigurations = (
				980C98011B9027A500FC5F1E /* Debug */,
				980C98021B9027A500FC5F1E /* Release */,
			);
			defaultConfigurationIsVisible = 0;
			defaultConfigurationName = Release;
		};
		980C98031B9027A500FC5F1E /* Build configuration list for PBXNativeTarget "SwinjectMVVMExample" */ = {
			isa = XCConfigurationList;
			buildConfigurations = (
				980C98041B9027A500FC5F1E /* Debug */,
				980C98051B9027A500FC5F1E /* Release */,
			);
			defaultConfigurationIsVisible = 0;
			defaultConfigurationName = Release;
		};
		980C98061B9027A500FC5F1E /* Build configuration list for PBXNativeTarget "SwinjectMVVMExampleTests" */ = {
			isa = XCConfigurationList;
			buildConfigurations = (
				980C98071B9027A500FC5F1E /* Debug */,
				980C98081B9027A500FC5F1E /* Release */,
			);
			defaultConfigurationIsVisible = 0;
			defaultConfigurationName = Release;
		};
		980C982F1B90488A00FC5F1E /* Build configuration list for PBXNativeTarget "ExampleModel" */ = {
			isa = XCConfigurationList;
			buildConfigurations = (
				980C982B1B90488A00FC5F1E /* Debug */,
				980C982C1B90488A00FC5F1E /* Release */,
			);
			defaultConfigurationIsVisible = 0;
			defaultConfigurationName = Release;
		};
		980C98311B90488A00FC5F1E /* Build configuration list for PBXNativeTarget "ExampleModelTests" */ = {
			isa = XCConfigurationList;
			buildConfigurations = (
				980C982D1B90488A00FC5F1E /* Debug */,
				980C982E1B90488A00FC5F1E /* Release */,
			);
			defaultConfigurationIsVisible = 0;
			defaultConfigurationName = Release;
		};
		980C984E1B9048D000FC5F1E /* Build configuration list for PBXNativeTarget "ExampleViewModel" */ = {
			isa = XCConfigurationList;
			buildConfigurations = (
				980C984F1B9048D000FC5F1E /* Debug */,
				980C98501B9048D000FC5F1E /* Release */,
			);
			defaultConfigurationIsVisible = 0;
			defaultConfigurationName = Release;
		};
		980C98511B9048D000FC5F1E /* Build configuration list for PBXNativeTarget "ExampleViewModelTests" */ = {
			isa = XCConfigurationList;
			buildConfigurations = (
				980C98521B9048D000FC5F1E /* Debug */,
				980C98531B9048D000FC5F1E /* Release */,
			);
			defaultConfigurationIsVisible = 0;
			defaultConfigurationName = Release;
		};
		980C98701B9048E300FC5F1E /* Build configuration list for PBXNativeTarget "ExampleView" */ = {
			isa = XCConfigurationList;
			buildConfigurations = (
				980C98711B9048E300FC5F1E /* Debug */,
				980C98721B9048E300FC5F1E /* Release */,
			);
			defaultConfigurationIsVisible = 0;
			defaultConfigurationName = Release;
		};
		980C98731B9048E300FC5F1E /* Build configuration list for PBXNativeTarget "ExampleViewTests" */ = {
			isa = XCConfigurationList;
			buildConfigurations = (
				980C98741B9048E300FC5F1E /* Debug */,
				980C98751B9048E300FC5F1E /* Release */,
			);
			defaultConfigurationIsVisible = 0;
			defaultConfigurationName = Release;
		};
/* End XCConfigurationList section */
	};
	rootObject = 980C97DE1B9027A400FC5F1E /* Project object */;
}
